// !$*UTF8*$!
{
	archiveVersion = 1;
	classes = {
	};
	objectVersion = 46;
	objects = {

/* Begin PBXBuildFile section */
		831BC5CB19A4709C006179D5 /* Cocoa.framework in Frameworks */ = {isa = PBXBuildFile; fileRef = 831BC5CA19A4709C006179D5 /* Cocoa.framework */; };
		831BC5D519A4709C006179D5 /* InfoPlist.strings in Resources */ = {isa = PBXBuildFile; fileRef = 831BC5D319A4709C006179D5 /* InfoPlist.strings */; };
		831BC5D719A4709C006179D5 /* main.m in Sources */ = {isa = PBXBuildFile; fileRef = 831BC5D619A4709C006179D5 /* main.m */; };
		831BC5DB19A4709C006179D5 /* Credits.rtf in Resources */ = {isa = PBXBuildFile; fileRef = 831BC5D919A4709C006179D5 /* Credits.rtf */; };
		831BC5DE19A4709C006179D5 /* OMFAppDelegate.m in Sources */ = {isa = PBXBuildFile; fileRef = 831BC5DD19A4709C006179D5 /* OMFAppDelegate.m */; };
		831BC5E119A4709C006179D5 /* OMFMainMenu.xib in Resources */ = {isa = PBXBuildFile; fileRef = 831BC5DF19A4709C006179D5 /* OMFMainMenu.xib */; };
		831BC5E319A4709C006179D5 /* Images.xcassets in Resources */ = {isa = PBXBuildFile; fileRef = 831BC5E219A4709C006179D5 /* Images.xcassets */; };
		831BC5EA19A4709C006179D5 /* XCTest.framework in Frameworks */ = {isa = PBXBuildFile; fileRef = 831BC5E919A4709C006179D5 /* XCTest.framework */; };
		831BC5EB19A4709C006179D5 /* Cocoa.framework in Frameworks */ = {isa = PBXBuildFile; fileRef = 831BC5CA19A4709C006179D5 /* Cocoa.framework */; };
		831BC5F319A4709C006179D5 /* InfoPlist.strings in Resources */ = {isa = PBXBuildFile; fileRef = 831BC5F119A4709C006179D5 /* InfoPlist.strings */; };
		831BC5F519A4709C006179D5 /* Oh_My_Fan_Tests.m in Sources */ = {isa = PBXBuildFile; fileRef = 831BC5F419A4709C006179D5 /* Oh_My_Fan_Tests.m */; };
		83880A0C19A5BCA8008A61CC /* OMFMainPanelController.m in Sources */ = {isa = PBXBuildFile; fileRef = 83880A0B19A5BCA8008A61CC /* OMFMainPanelController.m */; };
		83880A1B19A5C1F0008A61CC /* statusbar-fan-highlighting.png in Resources */ = {isa = PBXBuildFile; fileRef = 83880A1919A5C1F0008A61CC /* statusbar-fan-highlighting.png */; };
		83880A1C19A5C1F0008A61CC /* statusbar-fan.png in Resources */ = {isa = PBXBuildFile; fileRef = 83880A1A19A5C1F0008A61CC /* statusbar-fan.png */; };
		83880A2219A5C815008A61CC /* OMFStatusItemView.m in Sources */ = {isa = PBXBuildFile; fileRef = 83880A1D19A5C815008A61CC /* OMFStatusItemView.m */; };
		83880A2319A5C815008A61CC /* OMFMainPanel.m in Sources */ = {isa = PBXBuildFile; fileRef = 83880A1F19A5C815008A61CC /* OMFMainPanel.m */; };
		83880A2419A5C815008A61CC /* OMFMainPanel.xib in Resources */ = {isa = PBXBuildFile; fileRef = 83880A2019A5C815008A61CC /* OMFMainPanel.xib */; };
		83880A2A19A5CA8F008A61CC /* OMFStatusBarController.m in Sources */ = {isa = PBXBuildFile; fileRef = 83880A2919A5CA8E008A61CC /* OMFStatusBarController.m */; };
		83880A2D19A5F79D008A61CC /* OMFPanelBackgroundView.m in Sources */ = {isa = PBXBuildFile; fileRef = 83880A2C19A5F79D008A61CC /* OMFPanelBackgroundView.m */; };
/* End PBXBuildFile section */

/* Begin PBXContainerItemProxy section */
		831BC5EC19A4709C006179D5 /* PBXContainerItemProxy */ = {
			isa = PBXContainerItemProxy;
			containerPortal = 831BC5BF19A4709C006179D5 /* Project object */;
			proxyType = 1;
			remoteGlobalIDString = 831BC5C619A4709C006179D5;
			remoteInfo = "Oh My Fan!";
		};
/* End PBXContainerItemProxy section */

/* Begin PBXFileReference section */
		831BC5C719A4709C006179D5 /* Oh My Fan!.app */ = {isa = PBXFileReference; explicitFileType = wrapper.application; includeInIndex = 0; path = "Oh My Fan!.app"; sourceTree = BUILT_PRODUCTS_DIR; };
		831BC5CA19A4709C006179D5 /* Cocoa.framework */ = {isa = PBXFileReference; lastKnownFileType = wrapper.framework; name = Cocoa.framework; path = System/Library/Frameworks/Cocoa.framework; sourceTree = SDKROOT; };
		831BC5CD19A4709C006179D5 /* AppKit.framework */ = {isa = PBXFileReference; lastKnownFileType = wrapper.framework; name = AppKit.framework; path = System/Library/Frameworks/AppKit.framework; sourceTree = SDKROOT; };
		831BC5CE19A4709C006179D5 /* CoreData.framework */ = {isa = PBXFileReference; lastKnownFileType = wrapper.framework; name = CoreData.framework; path = System/Library/Frameworks/CoreData.framework; sourceTree = SDKROOT; };
		831BC5CF19A4709C006179D5 /* Foundation.framework */ = {isa = PBXFileReference; lastKnownFileType = wrapper.framework; name = Foundation.framework; path = System/Library/Frameworks/Foundation.framework; sourceTree = SDKROOT; };
		831BC5D219A4709C006179D5 /* Oh My Fan!-Info.plist */ = {isa = PBXFileReference; lastKnownFileType = text.plist.xml; path = "Oh My Fan!-Info.plist"; sourceTree = "<group>"; };
		831BC5D419A4709C006179D5 /* en */ = {isa = PBXFileReference; lastKnownFileType = text.plist.strings; name = en; path = en.lproj/InfoPlist.strings; sourceTree = "<group>"; };
		831BC5D619A4709C006179D5 /* main.m */ = {isa = PBXFileReference; lastKnownFileType = sourcecode.c.objc; path = main.m; sourceTree = "<group>"; };
		831BC5D819A4709C006179D5 /* Oh My Fan!-Prefix.pch */ = {isa = PBXFileReference; lastKnownFileType = sourcecode.c.h; path = "Oh My Fan!-Prefix.pch"; sourceTree = "<group>"; };
		831BC5DA19A4709C006179D5 /* en */ = {isa = PBXFileReference; lastKnownFileType = text.rtf; name = en; path = en.lproj/Credits.rtf; sourceTree = "<group>"; };
		831BC5DC19A4709C006179D5 /* OMFAppDelegate.h */ = {isa = PBXFileReference; lastKnownFileType = sourcecode.c.h; path = OMFAppDelegate.h; sourceTree = "<group>"; };
		831BC5DD19A4709C006179D5 /* OMFAppDelegate.m */ = {isa = PBXFileReference; lastKnownFileType = sourcecode.c.objc; path = OMFAppDelegate.m; sourceTree = "<group>"; };
		831BC5E019A4709C006179D5 /* Base */ = {isa = PBXFileReference; lastKnownFileType = file.xib; name = Base; path = Base.lproj/OMFMainMenu.xib; sourceTree = "<group>"; };
		831BC5E219A4709C006179D5 /* Images.xcassets */ = {isa = PBXFileReference; lastKnownFileType = folder.assetcatalog; path = Images.xcassets; sourceTree = "<group>"; };
		831BC5E819A4709C006179D5 /* Oh My Fan!Tests.xctest */ = {isa = PBXFileReference; explicitFileType = wrapper.cfbundle; includeInIndex = 0; path = "Oh My Fan!Tests.xctest"; sourceTree = BUILT_PRODUCTS_DIR; };
		831BC5E919A4709C006179D5 /* XCTest.framework */ = {isa = PBXFileReference; lastKnownFileType = wrapper.framework; name = XCTest.framework; path = Library/Frameworks/XCTest.framework; sourceTree = DEVELOPER_DIR; };
		831BC5F019A4709C006179D5 /* Oh My Fan!Tests-Info.plist */ = {isa = PBXFileReference; lastKnownFileType = text.plist.xml; path = "Oh My Fan!Tests-Info.plist"; sourceTree = "<group>"; };
		831BC5F219A4709C006179D5 /* en */ = {isa = PBXFileReference; lastKnownFileType = text.plist.strings; name = en; path = en.lproj/InfoPlist.strings; sourceTree = "<group>"; };
		831BC5F419A4709C006179D5 /* Oh_My_Fan_Tests.m */ = {isa = PBXFileReference; lastKnownFileType = sourcecode.c.objc; path = Oh_My_Fan_Tests.m; sourceTree = "<group>"; };
		83880A0919A5BC82008A61CC /* OMFCommon.h */ = {isa = PBXFileReference; fileEncoding = 4; lastKnownFileType = sourcecode.c.h; path = OMFCommon.h; sourceTree = "<group>"; };
		83880A0A19A5BCA8008A61CC /* OMFMainPanelController.h */ = {isa = PBXFileReference; fileEncoding = 4; lastKnownFileType = sourcecode.c.h; name = OMFMainPanelController.h; path = "Oh My Fan!/OMFMainPanelController.h"; sourceTree = "<group>"; };
		83880A0B19A5BCA8008A61CC /* OMFMainPanelController.m */ = {isa = PBXFileReference; fileEncoding = 4; lastKnownFileType = sourcecode.c.objc; name = OMFMainPanelController.m; path = "Oh My Fan!/OMFMainPanelController.m"; sourceTree = "<group>"; };
		83880A1919A5C1F0008A61CC /* statusbar-fan-highlighting.png */ = {isa = PBXFileReference; lastKnownFileType = image.png; name = "statusbar-fan-highlighting.png"; path = "Oh My Fan!/Resources/statusbar-fan-highlighting.png"; sourceTree = "<group>"; };
		83880A1A19A5C1F0008A61CC /* statusbar-fan.png */ = {isa = PBXFileReference; lastKnownFileType = image.png; name = "statusbar-fan.png"; path = "Oh My Fan!/Resources/statusbar-fan.png"; sourceTree = "<group>"; };
		83880A1D19A5C815008A61CC /* OMFStatusItemView.m */ = {isa = PBXFileReference; fileEncoding = 4; lastKnownFileType = sourcecode.c.objc; name = OMFStatusItemView.m; path = "Oh My Fan!/OMFStatusItemView.m"; sourceTree = "<group>"; };
		83880A1E19A5C815008A61CC /* OMFStatusItemView.h */ = {isa = PBXFileReference; fileEncoding = 4; lastKnownFileType = sourcecode.c.h; name = OMFStatusItemView.h; path = "Oh My Fan!/OMFStatusItemView.h"; sourceTree = "<group>"; };
		83880A1F19A5C815008A61CC /* OMFMainPanel.m */ = {isa = PBXFileReference; fileEncoding = 4; lastKnownFileType = sourcecode.c.objc; name = OMFMainPanel.m; path = "Oh My Fan!/OMFMainPanel.m"; sourceTree = "<group>"; };
		83880A2019A5C815008A61CC /* OMFMainPanel.xib */ = {isa = PBXFileReference; fileEncoding = 4; lastKnownFileType = file.xib; name = OMFMainPanel.xib; path = "Oh My Fan!/OMFMainPanel.xib"; sourceTree = "<group>"; };
		83880A2119A5C815008A61CC /* OMFMainPanel.h */ = {isa = PBXFileReference; fileEncoding = 4; lastKnownFileType = sourcecode.c.h; name = OMFMainPanel.h; path = "Oh My Fan!/OMFMainPanel.h"; sourceTree = "<group>"; };
		83880A2819A5CA8E008A61CC /* OMFStatusBarController.h */ = {isa = PBXFileReference; fileEncoding = 4; lastKnownFileType = sourcecode.c.h; name = OMFStatusBarController.h; path = "Oh My Fan!/OMFStatusBarController.h"; sourceTree = "<group>"; };
		83880A2919A5CA8E008A61CC /* OMFStatusBarController.m */ = {isa = PBXFileReference; fileEncoding = 4; lastKnownFileType = sourcecode.c.objc; name = OMFStatusBarController.m; path = "Oh My Fan!/OMFStatusBarController.m"; sourceTree = "<group>"; };
		83880A2B19A5F79D008A61CC /* OMFPanelBackgroundView.h */ = {isa = PBXFileReference; fileEncoding = 4; lastKnownFileType = sourcecode.c.h; name = OMFPanelBackgroundView.h; path = "Oh My Fan!/OMFPanelBackgroundView.h"; sourceTree = "<group>"; };
		83880A2C19A5F79D008A61CC /* OMFPanelBackgroundView.m */ = {isa = PBXFileReference; fileEncoding = 4; lastKnownFileType = sourcecode.c.objc; name = OMFPanelBackgroundView.m; path = "Oh My Fan!/OMFPanelBackgroundView.m"; sourceTree = "<group>"; };
/* End PBXFileReference section */

/* Begin PBXFrameworksBuildPhase section */
		831BC5C419A4709C006179D5 /* Frameworks */ = {
			isa = PBXFrameworksBuildPhase;
			buildActionMask = 2147483647;
			files = (
				831BC5CB19A4709C006179D5 /* Cocoa.framework in Frameworks */,
			);
			runOnlyForDeploymentPostprocessing = 0;
		};
		831BC5E519A4709C006179D5 /* Frameworks */ = {
			isa = PBXFrameworksBuildPhase;
			buildActionMask = 2147483647;
			files = (
				831BC5EB19A4709C006179D5 /* Cocoa.framework in Frameworks */,
				831BC5EA19A4709C006179D5 /* XCTest.framework in Frameworks */,
			);
			runOnlyForDeploymentPostprocessing = 0;
		};
/* End PBXFrameworksBuildPhase section */

/* Begin PBXGroup section */
		831BC5BE19A4709C006179D5 = {
			isa = PBXGroup;
			children = (
				83880A1419A5C16B008A61CC /* Status Bar */,
				83880A0D19A5BCB1008A61CC /* Main Panel */,
				831BC5D019A4709C006179D5 /* Whole App */,
				831BC5D119A4709C006179D5 /* Supporting Files */,
				831BC5EE19A4709C006179D5 /* Oh My Fan!Tests */,
				831BC5C919A4709C006179D5 /* Frameworks */,
				831BC5C819A4709C006179D5 /* Products */,
			);
			sourceTree = "<group>";
		};
		831BC5C819A4709C006179D5 /* Products */ = {
			isa = PBXGroup;
			children = (
				831BC5C719A4709C006179D5 /* Oh My Fan!.app */,
				831BC5E819A4709C006179D5 /* Oh My Fan!Tests.xctest */,
			);
			name = Products;
			sourceTree = "<group>";
		};
		831BC5C919A4709C006179D5 /* Frameworks */ = {
			isa = PBXGroup;
			children = (
				831BC5CA19A4709C006179D5 /* Cocoa.framework */,
				831BC5E919A4709C006179D5 /* XCTest.framework */,
				831BC5CC19A4709C006179D5 /* Other Frameworks */,
			);
			name = Frameworks;
			sourceTree = "<group>";
		};
		831BC5CC19A4709C006179D5 /* Other Frameworks */ = {
			isa = PBXGroup;
			children = (
				831BC5CD19A4709C006179D5 /* AppKit.framework */,
				831BC5CE19A4709C006179D5 /* CoreData.framework */,
				831BC5CF19A4709C006179D5 /* Foundation.framework */,
			);
			name = "Other Frameworks";
			sourceTree = "<group>";
		};
		831BC5D019A4709C006179D5 /* Whole App */ = {
			isa = PBXGroup;
			children = (
				83880A0819A5BC56008A61CC /* Resources */,
				831BC5DC19A4709C006179D5 /* OMFAppDelegate.h */,
				831BC5DD19A4709C006179D5 /* OMFAppDelegate.m */,
			);
			name = "Whole App";
			path = "Oh My Fan!";
			sourceTree = "<group>";
		};
		831BC5D119A4709C006179D5 /* Supporting Files */ = {
			isa = PBXGroup;
			children = (
				831BC5E219A4709C006179D5 /* Images.xcassets */,
				831BC5D219A4709C006179D5 /* Oh My Fan!-Info.plist */,
				831BC5D319A4709C006179D5 /* InfoPlist.strings */,
				831BC5D619A4709C006179D5 /* main.m */,
				831BC5D819A4709C006179D5 /* Oh My Fan!-Prefix.pch */,
				83880A0919A5BC82008A61CC /* OMFCommon.h */,
				831BC5D919A4709C006179D5 /* Credits.rtf */,
			);
			name = "Supporting Files";
			path = "Oh My Fan!";
			sourceTree = "<group>";
		};
		831BC5EE19A4709C006179D5 /* Oh My Fan!Tests */ = {
			isa = PBXGroup;
			children = (
				831BC5F419A4709C006179D5 /* Oh_My_Fan_Tests.m */,
				831BC5EF19A4709C006179D5 /* Supporting Files */,
			);
			path = "Oh My Fan!Tests";
			sourceTree = "<group>";
		};
		831BC5EF19A4709C006179D5 /* Supporting Files */ = {
			isa = PBXGroup;
			children = (
				831BC5F019A4709C006179D5 /* Oh My Fan!Tests-Info.plist */,
				831BC5F119A4709C006179D5 /* InfoPlist.strings */,
			);
			name = "Supporting Files";
			sourceTree = "<group>";
		};
		83880A0819A5BC56008A61CC /* Resources */ = {
			isa = PBXGroup;
			children = (
				831BC5DF19A4709C006179D5 /* OMFMainMenu.xib */,
			);
			name = Resources;
			sourceTree = "<group>";
		};
		83880A0D19A5BCB1008A61CC /* Main Panel */ = {
			isa = PBXGroup;
			children = (
				83880A1019A5BD79008A61CC /* Resources */,
				83880A2B19A5F79D008A61CC /* OMFPanelBackgroundView.h */,
				83880A2C19A5F79D008A61CC /* OMFPanelBackgroundView.m */,
				83880A2119A5C815008A61CC /* OMFMainPanel.h */,
				83880A1F19A5C815008A61CC /* OMFMainPanel.m */,
				83880A0A19A5BCA8008A61CC /* OMFMainPanelController.h */,
				83880A0B19A5BCA8008A61CC /* OMFMainPanelController.m */,
			);
			name = "Main Panel";
			sourceTree = "<group>";
		};
		83880A1019A5BD79008A61CC /* Resources */ = {
			isa = PBXGroup;
			children = (
				83880A2019A5C815008A61CC /* OMFMainPanel.xib */,
			);
			name = Resources;
			sourceTree = "<group>";
		};
		83880A1419A5C16B008A61CC /* Status Bar */ = {
			isa = PBXGroup;
			children = (
				83880A1819A5C1DB008A61CC /* Resources */,
				83880A1E19A5C815008A61CC /* OMFStatusItemView.h */,
				83880A1D19A5C815008A61CC /* OMFStatusItemView.m */,
				83880A2819A5CA8E008A61CC /* OMFStatusBarController.h */,
				83880A2919A5CA8E008A61CC /* OMFStatusBarController.m */,
			);
			name = "Status Bar";
			sourceTree = "<group>";
		};
		83880A1819A5C1DB008A61CC /* Resources */ = {
			isa = PBXGroup;
			children = (
				83880A1919A5C1F0008A61CC /* statusbar-fan-highlighting.png */,
				83880A1A19A5C1F0008A61CC /* statusbar-fan.png */,
			);
			name = Resources;
			sourceTree = "<group>";
		};
/* End PBXGroup section */

/* Begin PBXNativeTarget section */
		831BC5C619A4709C006179D5 /* Oh My Fan! */ = {
			isa = PBXNativeTarget;
			buildConfigurationList = 831BC5F819A4709C006179D5 /* Build configuration list for PBXNativeTarget "Oh My Fan!" */;
			buildPhases = (
				831BC5C319A4709C006179D5 /* Sources */,
				831BC5C419A4709C006179D5 /* Frameworks */,
				831BC5C519A4709C006179D5 /* Resources */,
			);
			buildRules = (
			);
			dependencies = (
			);
			name = "Oh My Fan!";
			productName = "Oh My Fan!";
			productReference = 831BC5C719A4709C006179D5 /* Oh My Fan!.app */;
			productType = "com.apple.product-type.application";
		};
		831BC5E719A4709C006179D5 /* Oh My Fan!Tests */ = {
			isa = PBXNativeTarget;
			buildConfigurationList = 831BC5FB19A4709C006179D5 /* Build configuration list for PBXNativeTarget "Oh My Fan!Tests" */;
			buildPhases = (
				831BC5E419A4709C006179D5 /* Sources */,
				831BC5E519A4709C006179D5 /* Frameworks */,
				831BC5E619A4709C006179D5 /* Resources */,
			);
			buildRules = (
			);
			dependencies = (
				831BC5ED19A4709C006179D5 /* PBXTargetDependency */,
			);
			name = "Oh My Fan!Tests";
			productName = "Oh My Fan!Tests";
			productReference = 831BC5E819A4709C006179D5 /* Oh My Fan!Tests.xctest */;
			productType = "com.apple.product-type.bundle.unit-test";
		};
/* End PBXNativeTarget section */

/* Begin PBXProject section */
		831BC5BF19A4709C006179D5 /* Project object */ = {
			isa = PBXProject;
			attributes = {
				CLASSPREFIX = OMF;
				LastUpgradeCheck = 0510;
				ORGANIZATIONNAME = "Tong G.";
				TargetAttributes = {
					831BC5E719A4709C006179D5 = {
						TestTargetID = 831BC5C619A4709C006179D5;
					};
				};
			};
			buildConfigurationList = 831BC5C219A4709C006179D5 /* Build configuration list for PBXProject "Oh My Fan!" */;
			compatibilityVersion = "Xcode 3.2";
			developmentRegion = English;
			hasScannedForEncodings = 0;
			knownRegions = (
				en,
				Base,
			);
			mainGroup = 831BC5BE19A4709C006179D5;
			productRefGroup = 831BC5C819A4709C006179D5 /* Products */;
			projectDirPath = "";
			projectRoot = "";
			targets = (
				831BC5C619A4709C006179D5 /* Oh My Fan! */,
				831BC5E719A4709C006179D5 /* Oh My Fan!Tests */,
			);
		};
/* End PBXProject section */

/* Begin PBXResourcesBuildPhase section */
		831BC5C519A4709C006179D5 /* Resources */ = {
			isa = PBXResourcesBuildPhase;
			buildActionMask = 2147483647;
			files = (
				83880A2419A5C815008A61CC /* OMFMainPanel.xib in Resources */,
				831BC5D519A4709C006179D5 /* InfoPlist.strings in Resources */,
				831BC5E319A4709C006179D5 /* Images.xcassets in Resources */,
				831BC5DB19A4709C006179D5 /* Credits.rtf in Resources */,
				83880A1C19A5C1F0008A61CC /* statusbar-fan.png in Resources */,
				831BC5E119A4709C006179D5 /* OMFMainMenu.xib in Resources */,
				83880A1B19A5C1F0008A61CC /* statusbar-fan-highlighting.png in Resources */,
			);
			runOnlyForDeploymentPostprocessing = 0;
		};
		831BC5E619A4709C006179D5 /* Resources */ = {
			isa = PBXResourcesBuildPhase;
			buildActionMask = 2147483647;
			files = (
				831BC5F319A4709C006179D5 /* InfoPlist.strings in Resources */,
			);
			runOnlyForDeploymentPostprocessing = 0;
		};
/* End PBXResourcesBuildPhase section */

/* Begin PBXSourcesBuildPhase section */
		831BC5C319A4709C006179D5 /* Sources */ = {
			isa = PBXSourcesBuildPhase;
			buildActionMask = 2147483647;
			files = (
				83880A2219A5C815008A61CC /* OMFStatusItemView.m in Sources */,
				83880A2319A5C815008A61CC /* OMFMainPanel.m in Sources */,
				83880A2D19A5F79D008A61CC /* OMFPanelBackgroundView.m in Sources */,
				83880A2A19A5CA8F008A61CC /* OMFStatusBarController.m in Sources */,
				831BC5D719A4709C006179D5 /* main.m in Sources */,
				831BC5DE19A4709C006179D5 /* OMFAppDelegate.m in Sources */,
				83880A0C19A5BCA8008A61CC /* OMFMainPanelController.m in Sources */,
			);
			runOnlyForDeploymentPostprocessing = 0;
		};
		831BC5E419A4709C006179D5 /* Sources */ = {
			isa = PBXSourcesBuildPhase;
			buildActionMask = 2147483647;
			files = (
				831BC5F519A4709C006179D5 /* Oh_My_Fan_Tests.m in Sources */,
			);
			runOnlyForDeploymentPostprocessing = 0;
		};
/* End PBXSourcesBuildPhase section */

/* Begin PBXTargetDependency section */
		831BC5ED19A4709C006179D5 /* PBXTargetDependency */ = {
			isa = PBXTargetDependency;
			target = 831BC5C619A4709C006179D5 /* Oh My Fan! */;
			targetProxy = 831BC5EC19A4709C006179D5 /* PBXContainerItemProxy */;
		};
/* End PBXTargetDependency section */

/* Begin PBXVariantGroup section */
		831BC5D319A4709C006179D5 /* InfoPlist.strings */ = {
			isa = PBXVariantGroup;
			children = (
				831BC5D419A4709C006179D5 /* en */,
			);
			name = InfoPlist.strings;
			sourceTree = "<group>";
		};
		831BC5D919A4709C006179D5 /* Credits.rtf */ = {
			isa = PBXVariantGroup;
			children = (
				831BC5DA19A4709C006179D5 /* en */,
			);
			name = Credits.rtf;
			sourceTree = "<group>";
		};
		831BC5DF19A4709C006179D5 /* OMFMainMenu.xib */ = {
			isa = PBXVariantGroup;
			children = (
				831BC5E019A4709C006179D5 /* Base */,
			);
			name = OMFMainMenu.xib;
			sourceTree = "<group>";
		};
		831BC5F119A4709C006179D5 /* InfoPlist.strings */ = {
			isa = PBXVariantGroup;
			children = (
				831BC5F219A4709C006179D5 /* en */,
			);
			name = InfoPlist.strings;
			sourceTree = "<group>";
		};
/* End PBXVariantGroup section */

/* Begin XCBuildConfiguration section */
		831BC5F619A4709C006179D5 /* Debug */ = {
			isa = XCBuildConfiguration;
			buildSettings = {
				ALWAYS_SEARCH_USER_PATHS = NO;
				CLANG_CXX_LANGUAGE_STANDARD = "gnu++0x";
				CLANG_CXX_LIBRARY = "libc++";
				CLANG_ENABLE_MODULES = YES;
				CLANG_ENABLE_OBJC_ARC = YES;
				CLANG_WARN_BOOL_CONVERSION = YES;
				CLANG_WARN_CONSTANT_CONVERSION = YES;
				CLANG_WARN_DIRECT_OBJC_ISA_USAGE = YES_ERROR;
				CLANG_WARN_EMPTY_BODY = YES;
				CLANG_WARN_ENUM_CONVERSION = YES;
				CLANG_WARN_INT_CONVERSION = YES;
				CLANG_WARN_OBJC_ROOT_CLASS = YES_ERROR;
				CLANG_WARN__DUPLICATE_METHOD_MATCH = YES;
				COPY_PHASE_STRIP = NO;
				GCC_C_LANGUAGE_STANDARD = gnu99;
				GCC_DYNAMIC_NO_PIC = NO;
				GCC_ENABLE_OBJC_EXCEPTIONS = YES;
				GCC_OPTIMIZATION_LEVEL = 0;
				GCC_PREPROCESSOR_DEFINITIONS = (
					"DEBUG=1",
					"$(inherited)",
				);
				GCC_SYMBOLS_PRIVATE_EXTERN = NO;
				GCC_WARN_64_TO_32_BIT_CONVERSION = YES;
				GCC_WARN_ABOUT_RETURN_TYPE = YES_ERROR;
				GCC_WARN_UNDECLARED_SELECTOR = YES;
				GCC_WARN_UNINITIALIZED_AUTOS = YES_AGGRESSIVE;
				GCC_WARN_UNUSED_FUNCTION = YES;
				GCC_WARN_UNUSED_VARIABLE = YES;
				MACOSX_DEPLOYMENT_TARGET = 10.9;
				ONLY_ACTIVE_ARCH = YES;
				SDKROOT = macosx;
			};
			name = Debug;
		};
		831BC5F719A4709C006179D5 /* Release */ = {
			isa = XCBuildConfiguration;
			buildSettings = {
				ALWAYS_SEARCH_USER_PATHS = NO;
				CLANG_CXX_LANGUAGE_STANDARD = "gnu++0x";
				CLANG_CXX_LIBRARY = "libc++";
				CLANG_ENABLE_MODULES = YES;
				CLANG_ENABLE_OBJC_ARC = YES;
				CLANG_WARN_BOOL_CONVERSION = YES;
				CLANG_WARN_CONSTANT_CONVERSION = YES;
				CLANG_WARN_DIRECT_OBJC_ISA_USAGE = YES_ERROR;
				CLANG_WARN_EMPTY_BODY = YES;
				CLANG_WARN_ENUM_CONVERSION = YES;
				CLANG_WARN_INT_CONVERSION = YES;
				CLANG_WARN_OBJC_ROOT_CLASS = YES_ERROR;
				CLANG_WARN__DUPLICATE_METHOD_MATCH = YES;
				COPY_PHASE_STRIP = YES;
				DEBUG_INFORMATION_FORMAT = "dwarf-with-dsym";
				ENABLE_NS_ASSERTIONS = NO;
				GCC_C_LANGUAGE_STANDARD = gnu99;
				GCC_ENABLE_OBJC_EXCEPTIONS = YES;
				GCC_WARN_64_TO_32_BIT_CONVERSION = YES;
				GCC_WARN_ABOUT_RETURN_TYPE = YES_ERROR;
				GCC_WARN_UNDECLARED_SELECTOR = YES;
				GCC_WARN_UNINITIALIZED_AUTOS = YES_AGGRESSIVE;
				GCC_WARN_UNUSED_FUNCTION = YES;
				GCC_WARN_UNUSED_VARIABLE = YES;
				MACOSX_DEPLOYMENT_TARGET = 10.9;
				SDKROOT = macosx;
			};
			name = Release;
		};
		831BC5F919A4709C006179D5 /* Debug */ = {
			isa = XCBuildConfiguration;
			buildSettings = {
				ASSETCATALOG_COMPILER_APPICON_NAME = AppIcon;
				CLANG_ENABLE_OBJC_ARC = NO;
				COMBINE_HIDPI_IMAGES = YES;
				GCC_PRECOMPILE_PREFIX_HEADER = YES;
				GCC_PREFIX_HEADER = "Oh My Fan!/Oh My Fan!-Prefix.pch";
				INFOPLIST_FILE = "Oh My Fan!/Oh My Fan!-Info.plist";
				PRODUCT_NAME = "$(TARGET_NAME)";
				WRAPPER_EXTENSION = app;
			};
			name = Debug;
		};
		831BC5FA19A4709C006179D5 /* Release */ = {
			isa = XCBuildConfiguration;
			buildSettings = {
				ASSETCATALOG_COMPILER_APPICON_NAME = AppIcon;
				CLANG_ENABLE_OBJC_ARC = NO;
				COMBINE_HIDPI_IMAGES = YES;
				GCC_PRECOMPILE_PREFIX_HEADER = YES;
				GCC_PREFIX_HEADER = "Oh My Fan!/Oh My Fan!-Prefix.pch";
				INFOPLIST_FILE = "Oh My Fan!/Oh My Fan!-Info.plist";
				PRODUCT_NAME = "$(TARGET_NAME)";
				WRAPPER_EXTENSION = app;
			};
			name = Release;
		};
		831BC5FC19A4709C006179D5 /* Debug */ = {
			isa = XCBuildConfiguration;
			buildSettings = {
				BUNDLE_LOADER = "$(BUILT_PRODUCTS_DIR)/Oh My Fan!.app/Contents/MacOS/Oh My Fan!";
				COMBINE_HIDPI_IMAGES = YES;
				FRAMEWORK_SEARCH_PATHS = (
					"$(DEVELOPER_FRAMEWORKS_DIR)",
					"$(inherited)",
				);
				GCC_PRECOMPILE_PREFIX_HEADER = YES;
				GCC_PREFIX_HEADER = "Oh My Fan!/Oh My Fan!-Prefix.pch";
				GCC_PREPROCESSOR_DEFINITIONS = (
					"DEBUG=1",
					"$(inherited)",
				);
				INFOPLIST_FILE = "Oh My Fan!Tests/Oh My Fan!Tests-Info.plist";
				PRODUCT_NAME = "$(TARGET_NAME)";
				TEST_HOST = "$(BUNDLE_LOADER)";
				WRAPPER_EXTENSION = xctest;
			};
			name = Debug;
		};
		831BC5FD19A4709C006179D5 /* Release */ = {
			isa = XCBuildConfiguration;
			buildSettings = {
				BUNDLE_LOADER = "$(BUILT_PRODUCTS_DIR)/Oh My Fan!.app/Contents/MacOS/Oh My Fan!";
				COMBINE_HIDPI_IMAGES = YES;
				FRAMEWORK_SEARCH_PATHS = (
					"$(DEVELOPER_FRAMEWORKS_DIR)",
					"$(inherited)",
				);
				GCC_PRECOMPILE_PREFIX_HEADER = YES;
				GCC_PREFIX_HEADER = "Oh My Fan!/Oh My Fan!-Prefix.pch";
				INFOPLIST_FILE = "Oh My Fan!Tests/Oh My Fan!Tests-Info.plist";
				PRODUCT_NAME = "$(TARGET_NAME)";
				TEST_HOST = "$(BUNDLE_LOADER)";
				WRAPPER_EXTENSION = xctest;
			};
			name = Release;
		};
/* End XCBuildConfiguration section */

/* Begin XCConfigurationList section */
		831BC5C219A4709C006179D5 /* Build configuration list for PBXProject "Oh My Fan!" */ = {
			isa = XCConfigurationList;
			buildConfigurations = (
				831BC5F619A4709C006179D5 /* Debug */,
				831BC5F719A4709C006179D5 /* Release */,
			);
			defaultConfigurationIsVisible = 0;
			defaultConfigurationName = Release;
		};
		831BC5F819A4709C006179D5 /* Build configuration list for PBXNativeTarget "Oh My Fan!" */ = {
			isa = XCConfigurationList;
			buildConfigurations = (
				831BC5F919A4709C006179D5 /* Debug */,
				831BC5FA19A4709C006179D5 /* Release */,
			);
			defaultConfigurationIsVisible = 0;
			defaultConfigurationName = Release;
		};
		831BC5FB19A4709C006179D5 /* Build configuration list for PBXNativeTarget "Oh My Fan!Tests" */ = {
			isa = XCConfigurationList;
			buildConfigurations = (
				831BC5FC19A4709C006179D5 /* Debug */,
				831BC5FD19A4709C006179D5 /* Release */,
			);
			defaultConfigurationIsVisible = 0;
			defaultConfigurationName = Release;
		};
/* End XCConfigurationList section */
	};
	rootObject = 831BC5BF19A4709C006179D5 /* Project object */;
}
