// !$*UTF8*$!
{
	archiveVersion = 1;
	classes = {
	};
	objectVersion = 46;
	objects = {

/* Begin PBXBuildFile section */
		831BC5CB19A4709C006179D5 /* Cocoa.framework in Frameworks */ = {isa = PBXBuildFile; fileRef = 831BC5CA19A4709C006179D5 /* Cocoa.framework */; };
		831BC5D519A4709C006179D5 /* InfoPlist.strings in Resources */ = {isa = PBXBuildFile; fileRef = 831BC5D319A4709C006179D5 /* InfoPlist.strings */; };
		831BC5D719A4709C006179D5 /* main.m in Sources */ = {isa = PBXBuildFile; fileRef = 831BC5D619A4709C006179D5 /* main.m */; };
		831BC5DB19A4709C006179D5 /* Credits.rtf in Resources */ = {isa = PBXBuildFile; fileRef = 831BC5D919A4709C006179D5 /* Credits.rtf */; };
		831BC5DE19A4709C006179D5 /* OMFAppDelegate.m in Sources */ = {isa = PBXBuildFile; fileRef = 831BC5DD19A4709C006179D5 /* OMFAppDelegate.m */; };
		831BC5E119A4709C006179D5 /* OMFMainMenu.xib in Resources */ = {isa = PBXBuildFile; fileRef = 831BC5DF19A4709C006179D5 /* OMFMainMenu.xib */; };
		831BC5E319A4709C006179D5 /* Images.xcassets in Resources */ = {isa = PBXBuildFile; fileRef = 831BC5E219A4709C006179D5 /* Images.xcassets */; };
		831BC5EA19A4709C006179D5 /* XCTest.framework in Frameworks */ = {isa = PBXBuildFile; fileRef = 831BC5E919A4709C006179D5 /* XCTest.framework */; };
		831BC5EB19A4709C006179D5 /* Cocoa.framework in Frameworks */ = {isa = PBXBuildFile; fileRef = 831BC5CA19A4709C006179D5 /* Cocoa.framework */; };
		831BC5F319A4709C006179D5 /* InfoPlist.strings in Resources */ = {isa = PBXBuildFile; fileRef = 831BC5F119A4709C006179D5 /* InfoPlist.strings */; };
		831BC5F519A4709C006179D5 /* Oh_My_Fan_Tests.m in Sources */ = {isa = PBXBuildFile; fileRef = 831BC5F419A4709C006179D5 /* Oh_My_Fan_Tests.m */; };
		834DB1B519A87D4C00969E64 /* dashboard-setting.png in Resources */ = {isa = PBXBuildFile; fileRef = 834DB1B419A87D4C00969E64 /* dashboard-setting.png */; };
		834DB1B919A8C20A00969E64 /* OMFAboutPanel.xib in Resources */ = {isa = PBXBuildFile; fileRef = 834DB1B819A8C20A00969E64 /* OMFAboutPanel.xib */; };
		834DB1BD19A8C2BE00969E64 /* icon.png in Resources */ = {isa = PBXBuildFile; fileRef = 834DB1BC19A8C2BE00969E64 /* icon.png */; };
		834DB1C019A8C57F00969E64 /* OMFAboutPanelController.m in Sources */ = {isa = PBXBuildFile; fileRef = 834DB1BF19A8C57F00969E64 /* OMFAboutPanelController.m */; };
		834DB1C319A8CDE500969E64 /* OMFContentViewOfAboutPanel.m in Sources */ = {isa = PBXBuildFile; fileRef = 834DB1C219A8CDE500969E64 /* OMFContentViewOfAboutPanel.m */; };
		83880A0C19A5BCA8008A61CC /* OMFMainPanelController.m in Sources */ = {isa = PBXBuildFile; fileRef = 83880A0B19A5BCA8008A61CC /* OMFMainPanelController.m */; };
		83880A1B19A5C1F0008A61CC /* statusbar-fan-highlighting.png in Resources */ = {isa = PBXBuildFile; fileRef = 83880A1919A5C1F0008A61CC /* statusbar-fan-highlighting.png */; };
		83880A1C19A5C1F0008A61CC /* statusbar-fan.png in Resources */ = {isa = PBXBuildFile; fileRef = 83880A1A19A5C1F0008A61CC /* statusbar-fan.png */; };
		83880A2219A5C815008A61CC /* OMFStatusItemView.m in Sources */ = {isa = PBXBuildFile; fileRef = 83880A1D19A5C815008A61CC /* OMFStatusItemView.m */; };
		83880A2319A5C815008A61CC /* OMFMainPanel.m in Sources */ = {isa = PBXBuildFile; fileRef = 83880A1F19A5C815008A61CC /* OMFMainPanel.m */; };
		83880A2419A5C815008A61CC /* OMFMainPanel.xib in Resources */ = {isa = PBXBuildFile; fileRef = 83880A2019A5C815008A61CC /* OMFMainPanel.xib */; };
		83880A2A19A5CA8F008A61CC /* OMFStatusBarController.m in Sources */ = {isa = PBXBuildFile; fileRef = 83880A2919A5CA8E008A61CC /* OMFStatusBarController.m */; };
		83880A2D19A5F79D008A61CC /* OMFPanelBackgroundView.m in Sources */ = {isa = PBXBuildFile; fileRef = 83880A2C19A5F79D008A61CC /* OMFPanelBackgroundView.m */; };
		83B5E98D19A93AA90046B24A /* OMFPreferencesPanel.xib in Resources */ = {isa = PBXBuildFile; fileRef = 83B5E98C19A93AA90046B24A /* OMFPreferencesPanel.xib */; };
		83B5E99019A93D1B0046B24A /* OMFPreferencesPanelController.m in Sources */ = {isa = PBXBuildFile; fileRef = 83B5E98F19A93D1B0046B24A /* OMFPreferencesPanelController.m */; };
		83C9A50619A75E5C000520AF /* OMFDashboardView.m in Sources */ = {isa = PBXBuildFile; fileRef = 83C9A50519A75E5C000520AF /* OMFDashboardView.m */; };
		83C9A50919A75F33000520AF /* OMFDashboardCategories.m in Sources */ = {isa = PBXBuildFile; fileRef = 83C9A50819A75F33000520AF /* OMFDashboardCategories.m */; };
		83C9A54719A75FCC000520AF /* BGGradientTheme.m in Sources */ = {isa = PBXBuildFile; fileRef = 83C9A50C19A75FCB000520AF /* BGGradientTheme.m */; };
		83C9A54819A75FCC000520AF /* BGHUDBox.m in Sources */ = {isa = PBXBuildFile; fileRef = 83C9A50F19A75FCB000520AF /* BGHUDBox.m */; };
		83C9A54919A75FCC000520AF /* BGHUDButtonCell.m in Sources */ = {isa = PBXBuildFile; fileRef = 83C9A51119A75FCB000520AF /* BGHUDButtonCell.m */; };
		83C9A54A19A75FCC000520AF /* BGHUDColorWell.m in Sources */ = {isa = PBXBuildFile; fileRef = 83C9A51319A75FCB000520AF /* BGHUDColorWell.m */; };
		83C9A54B19A75FCC000520AF /* BGHUDComboBoxCell.m in Sources */ = {isa = PBXBuildFile; fileRef = 83C9A51519A75FCB000520AF /* BGHUDComboBoxCell.m */; };
		83C9A54C19A75FCC000520AF /* BGHUDCommon.m in Sources */ = {isa = PBXBuildFile; fileRef = 83C9A51719A75FCB000520AF /* BGHUDCommon.m */; };
		83C9A54D19A75FCC000520AF /* BGHUDLabel.m in Sources */ = {isa = PBXBuildFile; fileRef = 83C9A51A19A75FCB000520AF /* BGHUDLabel.m */; };
		83C9A54E19A75FCC000520AF /* BGHUDOutlineView.m in Sources */ = {isa = PBXBuildFile; fileRef = 83C9A51C19A75FCB000520AF /* BGHUDOutlineView.m */; };
		83C9A54F19A75FCC000520AF /* BGHUDPopUpButtonCell.m in Sources */ = {isa = PBXBuildFile; fileRef = 83C9A51E19A75FCB000520AF /* BGHUDPopUpButtonCell.m */; };
		83C9A55019A75FCC000520AF /* BGHUDProgressIndicator.m in Sources */ = {isa = PBXBuildFile; fileRef = 83C9A52019A75FCB000520AF /* BGHUDProgressIndicator.m */; };
		83C9A55119A75FCC000520AF /* BGHUDScroller.m in Sources */ = {isa = PBXBuildFile; fileRef = 83C9A52219A75FCB000520AF /* BGHUDScroller.m */; };
		83C9A55219A75FCC000520AF /* BGHUDScrollView.m in Sources */ = {isa = PBXBuildFile; fileRef = 83C9A52419A75FCB000520AF /* BGHUDScrollView.m */; };
		83C9A55319A75FCC000520AF /* BGHUDSearchFieldCell.m in Sources */ = {isa = PBXBuildFile; fileRef = 83C9A52619A75FCB000520AF /* BGHUDSearchFieldCell.m */; };
		83C9A55419A75FCC000520AF /* BGHUDSecureTextFieldCell.m in Sources */ = {isa = PBXBuildFile; fileRef = 83C9A52819A75FCC000520AF /* BGHUDSecureTextFieldCell.m */; };
		83C9A55519A75FCC000520AF /* BGHUDSegmentedCell.m in Sources */ = {isa = PBXBuildFile; fileRef = 83C9A52A19A75FCC000520AF /* BGHUDSegmentedCell.m */; };
		83C9A55619A75FCC000520AF /* BGHUDSliderCell.m in Sources */ = {isa = PBXBuildFile; fileRef = 83C9A52C19A75FCC000520AF /* BGHUDSliderCell.m */; };
		83C9A55719A75FCC000520AF /* BGHUDStepperCell.m in Sources */ = {isa = PBXBuildFile; fileRef = 83C9A52E19A75FCC000520AF /* BGHUDStepperCell.m */; };
		83C9A55819A75FCC000520AF /* BGHUDTableCornerView.m in Sources */ = {isa = PBXBuildFile; fileRef = 83C9A53019A75FCC000520AF /* BGHUDTableCornerView.m */; };
		83C9A55919A75FCC000520AF /* BGHUDTableView.m in Sources */ = {isa = PBXBuildFile; fileRef = 83C9A53219A75FCC000520AF /* BGHUDTableView.m */; };
		83C9A55A19A75FCC000520AF /* BGHUDTableViewHeaderCell.m in Sources */ = {isa = PBXBuildFile; fileRef = 83C9A53419A75FCC000520AF /* BGHUDTableViewHeaderCell.m */; };
		83C9A55B19A75FCC000520AF /* BGHUDTabView.m in Sources */ = {isa = PBXBuildFile; fileRef = 83C9A53619A75FCC000520AF /* BGHUDTabView.m */; };
		83C9A55C19A75FCC000520AF /* BGHUDTabViewItem.m in Sources */ = {isa = PBXBuildFile; fileRef = 83C9A53819A75FCC000520AF /* BGHUDTabViewItem.m */; };
		83C9A55D19A75FCC000520AF /* BGHUDTextFieldCell.m in Sources */ = {isa = PBXBuildFile; fileRef = 83C9A53A19A75FCC000520AF /* BGHUDTextFieldCell.m */; };
		83C9A55E19A75FCC000520AF /* BGHUDTokenAttachmentCell.m in Sources */ = {isa = PBXBuildFile; fileRef = 83C9A53C19A75FCC000520AF /* BGHUDTokenAttachmentCell.m */; };
		83C9A55F19A75FCC000520AF /* BGHUDTokenFieldCell.m in Sources */ = {isa = PBXBuildFile; fileRef = 83C9A53E19A75FCC000520AF /* BGHUDTokenFieldCell.m */; };
		83C9A56019A75FCC000520AF /* BGHUDView.m in Sources */ = {isa = PBXBuildFile; fileRef = 83C9A54019A75FCC000520AF /* BGHUDView.m */; };
		83C9A56119A75FCC000520AF /* BGTheme.m in Sources */ = {isa = PBXBuildFile; fileRef = 83C9A54219A75FCC000520AF /* BGTheme.m */; };
		83C9A56219A75FCC000520AF /* BGThemeManager.m in Sources */ = {isa = PBXBuildFile; fileRef = 83C9A54419A75FCC000520AF /* BGThemeManager.m */; };
		83C9A57419A7A954000520AF /* IOKit.framework in Frameworks */ = {isa = PBXBuildFile; fileRef = 83C9A57319A7A954000520AF /* IOKit.framework */; };
		83C9A57619A7A95D000520AF /* Security.framework in Frameworks */ = {isa = PBXBuildFile; fileRef = 83C9A57519A7A95D000520AF /* Security.framework */; };
		83C9A57C19A7DF40000520AF /* smc in Resources */ = {isa = PBXBuildFile; fileRef = 83C9A57B19A7DF40000520AF /* smc */; };
		83C9A57E19A7DF52000520AF /* Machines.plist in Resources */ = {isa = PBXBuildFile; fileRef = 83C9A57D19A7DF52000520AF /* Machines.plist */; };
		83C9A58019A7DF68000520AF /* smc.c in Sources */ = {isa = PBXBuildFile; fileRef = 83C9A57F19A7DF68000520AF /* smc.c */; };
		83C9A58419A7DF80000520AF /* NSFileManager+DirectoryLocations.m in Sources */ = {isa = PBXBuildFile; fileRef = 83C9A58319A7DF80000520AF /* NSFileManager+DirectoryLocations.m */; };
		83C9A58719A7DF92000520AF /* smcWrapper.m in Sources */ = {isa = PBXBuildFile; fileRef = 83C9A58519A7DF92000520AF /* smcWrapper.m */; };
		83C9A58A19A7DF9A000520AF /* MachineDefaults.m in Sources */ = {isa = PBXBuildFile; fileRef = 83C9A58819A7DF9A000520AF /* MachineDefaults.m */; };
		83C9A58C19A7DFBC000520AF /* OMFDefaults.plist in Resources */ = {isa = PBXBuildFile; fileRef = 83C9A58B19A7DFBC000520AF /* OMFDefaults.plist */; };
		83C9A58E19A7E055000520AF /* OMFIcon.icns in Resources */ = {isa = PBXBuildFile; fileRef = 83C9A58D19A7E055000520AF /* OMFIcon.icns */; };
/* End PBXBuildFile section */

/* Begin PBXContainerItemProxy section */
		831BC5EC19A4709C006179D5 /* PBXContainerItemProxy */ = {
			isa = PBXContainerItemProxy;
			containerPortal = 831BC5BF19A4709C006179D5 /* Project object */;
			proxyType = 1;
			remoteGlobalIDString = 831BC5C619A4709C006179D5;
			remoteInfo = "Oh My Fan!";
		};
/* End PBXContainerItemProxy section */

/* Begin PBXFileReference section */
		831BC5C719A4709C006179D5 /* Oh My Fan!.app */ = {isa = PBXFileReference; explicitFileType = wrapper.application; includeInIndex = 0; path = "Oh My Fan!.app"; sourceTree = BUILT_PRODUCTS_DIR; };
		831BC5CA19A4709C006179D5 /* Cocoa.framework */ = {isa = PBXFileReference; lastKnownFileType = wrapper.framework; name = Cocoa.framework; path = System/Library/Frameworks/Cocoa.framework; sourceTree = SDKROOT; };
		831BC5CD19A4709C006179D5 /* AppKit.framework */ = {isa = PBXFileReference; lastKnownFileType = wrapper.framework; name = AppKit.framework; path = System/Library/Frameworks/AppKit.framework; sourceTree = SDKROOT; };
		831BC5CE19A4709C006179D5 /* CoreData.framework */ = {isa = PBXFileReference; lastKnownFileType = wrapper.framework; name = CoreData.framework; path = System/Library/Frameworks/CoreData.framework; sourceTree = SDKROOT; };
		831BC5CF19A4709C006179D5 /* Foundation.framework */ = {isa = PBXFileReference; lastKnownFileType = wrapper.framework; name = Foundation.framework; path = System/Library/Frameworks/Foundation.framework; sourceTree = SDKROOT; };
		831BC5D219A4709C006179D5 /* Oh My Fan!-Info.plist */ = {isa = PBXFileReference; lastKnownFileType = text.plist.xml; path = "Oh My Fan!-Info.plist"; sourceTree = "<group>"; };
		831BC5D419A4709C006179D5 /* en */ = {isa = PBXFileReference; lastKnownFileType = text.plist.strings; name = en; path = en.lproj/InfoPlist.strings; sourceTree = "<group>"; };
		831BC5D619A4709C006179D5 /* main.m */ = {isa = PBXFileReference; lastKnownFileType = sourcecode.c.objc; path = main.m; sourceTree = "<group>"; };
		831BC5D819A4709C006179D5 /* Oh My Fan!-Prefix.pch */ = {isa = PBXFileReference; lastKnownFileType = sourcecode.c.h; path = "Oh My Fan!-Prefix.pch"; sourceTree = "<group>"; };
		831BC5DA19A4709C006179D5 /* en */ = {isa = PBXFileReference; lastKnownFileType = text.rtf; name = en; path = en.lproj/Credits.rtf; sourceTree = "<group>"; };
		831BC5DC19A4709C006179D5 /* OMFAppDelegate.h */ = {isa = PBXFileReference; lastKnownFileType = sourcecode.c.h; path = OMFAppDelegate.h; sourceTree = "<group>"; };
		831BC5DD19A4709C006179D5 /* OMFAppDelegate.m */ = {isa = PBXFileReference; lastKnownFileType = sourcecode.c.objc; path = OMFAppDelegate.m; sourceTree = "<group>"; };
		831BC5E019A4709C006179D5 /* Base */ = {isa = PBXFileReference; lastKnownFileType = file.xib; name = Base; path = Base.lproj/OMFMainMenu.xib; sourceTree = "<group>"; };
		831BC5E219A4709C006179D5 /* Images.xcassets */ = {isa = PBXFileReference; lastKnownFileType = folder.assetcatalog; path = Images.xcassets; sourceTree = "<group>"; };
		831BC5E819A4709C006179D5 /* Oh My Fan!Tests.xctest */ = {isa = PBXFileReference; explicitFileType = wrapper.cfbundle; includeInIndex = 0; path = "Oh My Fan!Tests.xctest"; sourceTree = BUILT_PRODUCTS_DIR; };
		831BC5E919A4709C006179D5 /* XCTest.framework */ = {isa = PBXFileReference; lastKnownFileType = wrapper.framework; name = XCTest.framework; path = Library/Frameworks/XCTest.framework; sourceTree = DEVELOPER_DIR; };
		831BC5F019A4709C006179D5 /* Oh My Fan!Tests-Info.plist */ = {isa = PBXFileReference; lastKnownFileType = text.plist.xml; path = "Oh My Fan!Tests-Info.plist"; sourceTree = "<group>"; };
		831BC5F219A4709C006179D5 /* en */ = {isa = PBXFileReference; lastKnownFileType = text.plist.strings; name = en; path = en.lproj/InfoPlist.strings; sourceTree = "<group>"; };
		831BC5F419A4709C006179D5 /* Oh_My_Fan_Tests.m */ = {isa = PBXFileReference; lastKnownFileType = sourcecode.c.objc; path = Oh_My_Fan_Tests.m; sourceTree = "<group>"; };
		834DB1B419A87D4C00969E64 /* dashboard-setting.png */ = {isa = PBXFileReference; lastKnownFileType = image.png; name = "dashboard-setting.png"; path = "Oh My Fan!/Resources/dashboard-setting.png"; sourceTree = "<group>"; };
		834DB1B819A8C20A00969E64 /* OMFAboutPanel.xib */ = {isa = PBXFileReference; fileEncoding = 4; lastKnownFileType = file.xib; name = OMFAboutPanel.xib; path = "Oh My Fan!/OMFAboutPanel.xib"; sourceTree = "<group>"; };
		834DB1BC19A8C2BE00969E64 /* icon.png */ = {isa = PBXFileReference; lastKnownFileType = image.png; name = icon.png; path = "Oh My Fan!/Resources/icon.png"; sourceTree = "<group>"; };
		834DB1BE19A8C57F00969E64 /* OMFAboutPanelController.h */ = {isa = PBXFileReference; fileEncoding = 4; lastKnownFileType = sourcecode.c.h; name = OMFAboutPanelController.h; path = "Oh My Fan!/OMFAboutPanelController.h"; sourceTree = "<group>"; };
		834DB1BF19A8C57F00969E64 /* OMFAboutPanelController.m */ = {isa = PBXFileReference; fileEncoding = 4; lastKnownFileType = sourcecode.c.objc; name = OMFAboutPanelController.m; path = "Oh My Fan!/OMFAboutPanelController.m"; sourceTree = "<group>"; };
		834DB1C119A8CDE500969E64 /* OMFContentViewOfAboutPanel.h */ = {isa = PBXFileReference; fileEncoding = 4; lastKnownFileType = sourcecode.c.h; name = OMFContentViewOfAboutPanel.h; path = "Oh My Fan!/OMFContentViewOfAboutPanel.h"; sourceTree = "<group>"; };
		834DB1C219A8CDE500969E64 /* OMFContentViewOfAboutPanel.m */ = {isa = PBXFileReference; fileEncoding = 4; lastKnownFileType = sourcecode.c.objc; name = OMFContentViewOfAboutPanel.m; path = "Oh My Fan!/OMFContentViewOfAboutPanel.m"; sourceTree = "<group>"; };
		83880A0919A5BC82008A61CC /* OMFCommon.h */ = {isa = PBXFileReference; fileEncoding = 4; lastKnownFileType = sourcecode.c.h; path = OMFCommon.h; sourceTree = "<group>"; };
		83880A0A19A5BCA8008A61CC /* OMFMainPanelController.h */ = {isa = PBXFileReference; fileEncoding = 4; lastKnownFileType = sourcecode.c.h; name = OMFMainPanelController.h; path = "Oh My Fan!/OMFMainPanelController.h"; sourceTree = "<group>"; };
		83880A0B19A5BCA8008A61CC /* OMFMainPanelController.m */ = {isa = PBXFileReference; fileEncoding = 4; lastKnownFileType = sourcecode.c.objc; name = OMFMainPanelController.m; path = "Oh My Fan!/OMFMainPanelController.m"; sourceTree = "<group>"; };
		83880A1919A5C1F0008A61CC /* statusbar-fan-highlighting.png */ = {isa = PBXFileReference; lastKnownFileType = image.png; name = "statusbar-fan-highlighting.png"; path = "Oh My Fan!/Resources/statusbar-fan-highlighting.png"; sourceTree = "<group>"; };
		83880A1A19A5C1F0008A61CC /* statusbar-fan.png */ = {isa = PBXFileReference; lastKnownFileType = image.png; name = "statusbar-fan.png"; path = "Oh My Fan!/Resources/statusbar-fan.png"; sourceTree = "<group>"; };
		83880A1D19A5C815008A61CC /* OMFStatusItemView.m */ = {isa = PBXFileReference; fileEncoding = 4; lastKnownFileType = sourcecode.c.objc; name = OMFStatusItemView.m; path = "Oh My Fan!/OMFStatusItemView.m"; sourceTree = "<group>"; };
		83880A1E19A5C815008A61CC /* OMFStatusItemView.h */ = {isa = PBXFileReference; fileEncoding = 4; lastKnownFileType = sourcecode.c.h; name = OMFStatusItemView.h; path = "Oh My Fan!/OMFStatusItemView.h"; sourceTree = "<group>"; };
		83880A1F19A5C815008A61CC /* OMFMainPanel.m */ = {isa = PBXFileReference; fileEncoding = 4; lastKnownFileType = sourcecode.c.objc; name = OMFMainPanel.m; path = "Oh My Fan!/OMFMainPanel.m"; sourceTree = "<group>"; };
		83880A2019A5C815008A61CC /* OMFMainPanel.xib */ = {isa = PBXFileReference; fileEncoding = 4; lastKnownFileType = file.xib; name = OMFMainPanel.xib; path = "Oh My Fan!/OMFMainPanel.xib"; sourceTree = "<group>"; };
		83880A2119A5C815008A61CC /* OMFMainPanel.h */ = {isa = PBXFileReference; fileEncoding = 4; lastKnownFileType = sourcecode.c.h; name = OMFMainPanel.h; path = "Oh My Fan!/OMFMainPanel.h"; sourceTree = "<group>"; };
		83880A2819A5CA8E008A61CC /* OMFStatusBarController.h */ = {isa = PBXFileReference; fileEncoding = 4; lastKnownFileType = sourcecode.c.h; name = OMFStatusBarController.h; path = "Oh My Fan!/OMFStatusBarController.h"; sourceTree = "<group>"; };
		83880A2919A5CA8E008A61CC /* OMFStatusBarController.m */ = {isa = PBXFileReference; fileEncoding = 4; lastKnownFileType = sourcecode.c.objc; name = OMFStatusBarController.m; path = "Oh My Fan!/OMFStatusBarController.m"; sourceTree = "<group>"; };
		83880A2B19A5F79D008A61CC /* OMFPanelBackgroundView.h */ = {isa = PBXFileReference; fileEncoding = 4; lastKnownFileType = sourcecode.c.h; name = OMFPanelBackgroundView.h; path = "Oh My Fan!/OMFPanelBackgroundView.h"; sourceTree = "<group>"; };
		83880A2C19A5F79D008A61CC /* OMFPanelBackgroundView.m */ = {isa = PBXFileReference; fileEncoding = 4; lastKnownFileType = sourcecode.c.objc; name = OMFPanelBackgroundView.m; path = "Oh My Fan!/OMFPanelBackgroundView.m"; sourceTree = "<group>"; };
		83B5E98C19A93AA90046B24A /* OMFPreferencesPanel.xib */ = {isa = PBXFileReference; fileEncoding = 4; lastKnownFileType = file.xib; name = OMFPreferencesPanel.xib; path = "Oh My Fan!/OMFPreferencesPanel.xib"; sourceTree = "<group>"; };
		83B5E98E19A93D1B0046B24A /* OMFPreferencesPanelController.h */ = {isa = PBXFileReference; fileEncoding = 4; lastKnownFileType = sourcecode.c.h; name = OMFPreferencesPanelController.h; path = "Oh My Fan!/OMFPreferencesPanelController.h"; sourceTree = "<group>"; };
		83B5E98F19A93D1B0046B24A /* OMFPreferencesPanelController.m */ = {isa = PBXFileReference; fileEncoding = 4; lastKnownFileType = sourcecode.c.objc; name = OMFPreferencesPanelController.m; path = "Oh My Fan!/OMFPreferencesPanelController.m"; sourceTree = "<group>"; };
		83C9A50419A75E5C000520AF /* OMFDashboardView.h */ = {isa = PBXFileReference; fileEncoding = 4; lastKnownFileType = sourcecode.c.h; name = OMFDashboardView.h; path = "Oh My Fan!/OMFDashboardView.h"; sourceTree = "<group>"; };
		83C9A50519A75E5C000520AF /* OMFDashboardView.m */ = {isa = PBXFileReference; fileEncoding = 4; lastKnownFileType = sourcecode.c.objc; name = OMFDashboardView.m; path = "Oh My Fan!/OMFDashboardView.m"; sourceTree = "<group>"; };
		83C9A50719A75F33000520AF /* OMFDashboardCategories.h */ = {isa = PBXFileReference; fileEncoding = 4; lastKnownFileType = sourcecode.c.h; name = OMFDashboardCategories.h; path = "Oh My Fan!/OMFDashboardCategories.h"; sourceTree = "<group>"; };
		83C9A50819A75F33000520AF /* OMFDashboardCategories.m */ = {isa = PBXFileReference; fileEncoding = 4; lastKnownFileType = sourcecode.c.objc; name = OMFDashboardCategories.m; path = "Oh My Fan!/OMFDashboardCategories.m"; sourceTree = "<group>"; };
		83C9A50B19A75FCB000520AF /* BGGradientTheme.h */ = {isa = PBXFileReference; fileEncoding = 4; lastKnownFileType = sourcecode.c.h; path = BGGradientTheme.h; sourceTree = "<group>"; };
		83C9A50C19A75FCB000520AF /* BGGradientTheme.m */ = {isa = PBXFileReference; fileEncoding = 4; lastKnownFileType = sourcecode.c.objc; path = BGGradientTheme.m; sourceTree = "<group>"; };
		83C9A50D19A75FCB000520AF /* BGHUDAppKit.h */ = {isa = PBXFileReference; fileEncoding = 4; lastKnownFileType = sourcecode.c.h; path = BGHUDAppKit.h; sourceTree = "<group>"; };
		83C9A50E19A75FCB000520AF /* BGHUDBox.h */ = {isa = PBXFileReference; fileEncoding = 4; lastKnownFileType = sourcecode.c.h; path = BGHUDBox.h; sourceTree = "<group>"; };
		83C9A50F19A75FCB000520AF /* BGHUDBox.m */ = {isa = PBXFileReference; fileEncoding = 4; lastKnownFileType = sourcecode.c.objc; path = BGHUDBox.m; sourceTree = "<group>"; };
		83C9A51019A75FCB000520AF /* BGHUDButtonCell.h */ = {isa = PBXFileReference; fileEncoding = 4; lastKnownFileType = sourcecode.c.h; path = BGHUDButtonCell.h; sourceTree = "<group>"; };
		83C9A51119A75FCB000520AF /* BGHUDButtonCell.m */ = {isa = PBXFileReference; fileEncoding = 4; lastKnownFileType = sourcecode.c.objc; path = BGHUDButtonCell.m; sourceTree = "<group>"; };
		83C9A51219A75FCB000520AF /* BGHUDColorWell.h */ = {isa = PBXFileReference; fileEncoding = 4; lastKnownFileType = sourcecode.c.h; path = BGHUDColorWell.h; sourceTree = "<group>"; };
		83C9A51319A75FCB000520AF /* BGHUDColorWell.m */ = {isa = PBXFileReference; fileEncoding = 4; lastKnownFileType = sourcecode.c.objc; path = BGHUDColorWell.m; sourceTree = "<group>"; };
		83C9A51419A75FCB000520AF /* BGHUDComboBoxCell.h */ = {isa = PBXFileReference; fileEncoding = 4; lastKnownFileType = sourcecode.c.h; path = BGHUDComboBoxCell.h; sourceTree = "<group>"; };
		83C9A51519A75FCB000520AF /* BGHUDComboBoxCell.m */ = {isa = PBXFileReference; fileEncoding = 4; lastKnownFileType = sourcecode.c.objc; path = BGHUDComboBoxCell.m; sourceTree = "<group>"; };
		83C9A51619A75FCB000520AF /* BGHUDCommon.h */ = {isa = PBXFileReference; fileEncoding = 4; lastKnownFileType = sourcecode.c.h; path = BGHUDCommon.h; sourceTree = "<group>"; };
		83C9A51719A75FCB000520AF /* BGHUDCommon.m */ = {isa = PBXFileReference; fileEncoding = 4; lastKnownFileType = sourcecode.c.objc; path = BGHUDCommon.m; sourceTree = "<group>"; };
		83C9A51819A75FCB000520AF /* BGHUDGeometry.h */ = {isa = PBXFileReference; fileEncoding = 4; lastKnownFileType = sourcecode.c.h; path = BGHUDGeometry.h; sourceTree = "<group>"; };
		83C9A51919A75FCB000520AF /* BGHUDLabel.h */ = {isa = PBXFileReference; fileEncoding = 4; lastKnownFileType = sourcecode.c.h; path = BGHUDLabel.h; sourceTree = "<group>"; };
		83C9A51A19A75FCB000520AF /* BGHUDLabel.m */ = {isa = PBXFileReference; fileEncoding = 4; lastKnownFileType = sourcecode.c.objc; path = BGHUDLabel.m; sourceTree = "<group>"; };
		83C9A51B19A75FCB000520AF /* BGHUDOutlineView.h */ = {isa = PBXFileReference; fileEncoding = 4; lastKnownFileType = sourcecode.c.h; path = BGHUDOutlineView.h; sourceTree = "<group>"; };
		83C9A51C19A75FCB000520AF /* BGHUDOutlineView.m */ = {isa = PBXFileReference; fileEncoding = 4; lastKnownFileType = sourcecode.c.objc; path = BGHUDOutlineView.m; sourceTree = "<group>"; };
		83C9A51D19A75FCB000520AF /* BGHUDPopUpButtonCell.h */ = {isa = PBXFileReference; fileEncoding = 4; lastKnownFileType = sourcecode.c.h; path = BGHUDPopUpButtonCell.h; sourceTree = "<group>"; };
		83C9A51E19A75FCB000520AF /* BGHUDPopUpButtonCell.m */ = {isa = PBXFileReference; fileEncoding = 4; lastKnownFileType = sourcecode.c.objc; path = BGHUDPopUpButtonCell.m; sourceTree = "<group>"; };
		83C9A51F19A75FCB000520AF /* BGHUDProgressIndicator.h */ = {isa = PBXFileReference; fileEncoding = 4; lastKnownFileType = sourcecode.c.h; path = BGHUDProgressIndicator.h; sourceTree = "<group>"; };
		83C9A52019A75FCB000520AF /* BGHUDProgressIndicator.m */ = {isa = PBXFileReference; fileEncoding = 4; lastKnownFileType = sourcecode.c.objc; path = BGHUDProgressIndicator.m; sourceTree = "<group>"; };
		83C9A52119A75FCB000520AF /* BGHUDScroller.h */ = {isa = PBXFileReference; fileEncoding = 4; lastKnownFileType = sourcecode.c.h; path = BGHUDScroller.h; sourceTree = "<group>"; };
		83C9A52219A75FCB000520AF /* BGHUDScroller.m */ = {isa = PBXFileReference; fileEncoding = 4; lastKnownFileType = sourcecode.c.objc; path = BGHUDScroller.m; sourceTree = "<group>"; };
		83C9A52319A75FCB000520AF /* BGHUDScrollView.h */ = {isa = PBXFileReference; fileEncoding = 4; lastKnownFileType = sourcecode.c.h; path = BGHUDScrollView.h; sourceTree = "<group>"; };
		83C9A52419A75FCB000520AF /* BGHUDScrollView.m */ = {isa = PBXFileReference; fileEncoding = 4; lastKnownFileType = sourcecode.c.objc; path = BGHUDScrollView.m; sourceTree = "<group>"; };
		83C9A52519A75FCB000520AF /* BGHUDSearchFieldCell.h */ = {isa = PBXFileReference; fileEncoding = 4; lastKnownFileType = sourcecode.c.h; path = BGHUDSearchFieldCell.h; sourceTree = "<group>"; };
		83C9A52619A75FCB000520AF /* BGHUDSearchFieldCell.m */ = {isa = PBXFileReference; fileEncoding = 4; lastKnownFileType = sourcecode.c.objc; path = BGHUDSearchFieldCell.m; sourceTree = "<group>"; };
		83C9A52719A75FCC000520AF /* BGHUDSecureTextFieldCell.h */ = {isa = PBXFileReference; fileEncoding = 4; lastKnownFileType = sourcecode.c.h; path = BGHUDSecureTextFieldCell.h; sourceTree = "<group>"; };
		83C9A52819A75FCC000520AF /* BGHUDSecureTextFieldCell.m */ = {isa = PBXFileReference; fileEncoding = 4; lastKnownFileType = sourcecode.c.objc; path = BGHUDSecureTextFieldCell.m; sourceTree = "<group>"; };
		83C9A52919A75FCC000520AF /* BGHUDSegmentedCell.h */ = {isa = PBXFileReference; fileEncoding = 4; lastKnownFileType = sourcecode.c.h; path = BGHUDSegmentedCell.h; sourceTree = "<group>"; };
		83C9A52A19A75FCC000520AF /* BGHUDSegmentedCell.m */ = {isa = PBXFileReference; fileEncoding = 4; lastKnownFileType = sourcecode.c.objc; path = BGHUDSegmentedCell.m; sourceTree = "<group>"; };
		83C9A52B19A75FCC000520AF /* BGHUDSliderCell.h */ = {isa = PBXFileReference; fileEncoding = 4; lastKnownFileType = sourcecode.c.h; path = BGHUDSliderCell.h; sourceTree = "<group>"; };
		83C9A52C19A75FCC000520AF /* BGHUDSliderCell.m */ = {isa = PBXFileReference; fileEncoding = 4; lastKnownFileType = sourcecode.c.objc; path = BGHUDSliderCell.m; sourceTree = "<group>"; };
		83C9A52D19A75FCC000520AF /* BGHUDStepperCell.h */ = {isa = PBXFileReference; fileEncoding = 4; lastKnownFileType = sourcecode.c.h; path = BGHUDStepperCell.h; sourceTree = "<group>"; };
		83C9A52E19A75FCC000520AF /* BGHUDStepperCell.m */ = {isa = PBXFileReference; fileEncoding = 4; lastKnownFileType = sourcecode.c.objc; path = BGHUDStepperCell.m; sourceTree = "<group>"; };
		83C9A52F19A75FCC000520AF /* BGHUDTableCornerView.h */ = {isa = PBXFileReference; fileEncoding = 4; lastKnownFileType = sourcecode.c.h; path = BGHUDTableCornerView.h; sourceTree = "<group>"; };
		83C9A53019A75FCC000520AF /* BGHUDTableCornerView.m */ = {isa = PBXFileReference; fileEncoding = 4; lastKnownFileType = sourcecode.c.objc; path = BGHUDTableCornerView.m; sourceTree = "<group>"; };
		83C9A53119A75FCC000520AF /* BGHUDTableView.h */ = {isa = PBXFileReference; fileEncoding = 4; lastKnownFileType = sourcecode.c.h; path = BGHUDTableView.h; sourceTree = "<group>"; };
		83C9A53219A75FCC000520AF /* BGHUDTableView.m */ = {isa = PBXFileReference; fileEncoding = 4; lastKnownFileType = sourcecode.c.objc; path = BGHUDTableView.m; sourceTree = "<group>"; };
		83C9A53319A75FCC000520AF /* BGHUDTableViewHeaderCell.h */ = {isa = PBXFileReference; fileEncoding = 4; lastKnownFileType = sourcecode.c.h; path = BGHUDTableViewHeaderCell.h; sourceTree = "<group>"; };
		83C9A53419A75FCC000520AF /* BGHUDTableViewHeaderCell.m */ = {isa = PBXFileReference; fileEncoding = 4; lastKnownFileType = sourcecode.c.objc; path = BGHUDTableViewHeaderCell.m; sourceTree = "<group>"; };
		83C9A53519A75FCC000520AF /* BGHUDTabView.h */ = {isa = PBXFileReference; fileEncoding = 4; lastKnownFileType = sourcecode.c.h; path = BGHUDTabView.h; sourceTree = "<group>"; };
		83C9A53619A75FCC000520AF /* BGHUDTabView.m */ = {isa = PBXFileReference; fileEncoding = 4; lastKnownFileType = sourcecode.c.objc; path = BGHUDTabView.m; sourceTree = "<group>"; };
		83C9A53719A75FCC000520AF /* BGHUDTabViewItem.h */ = {isa = PBXFileReference; fileEncoding = 4; lastKnownFileType = sourcecode.c.h; path = BGHUDTabViewItem.h; sourceTree = "<group>"; };
		83C9A53819A75FCC000520AF /* BGHUDTabViewItem.m */ = {isa = PBXFileReference; fileEncoding = 4; lastKnownFileType = sourcecode.c.objc; path = BGHUDTabViewItem.m; sourceTree = "<group>"; };
		83C9A53919A75FCC000520AF /* BGHUDTextFieldCell.h */ = {isa = PBXFileReference; fileEncoding = 4; lastKnownFileType = sourcecode.c.h; path = BGHUDTextFieldCell.h; sourceTree = "<group>"; };
		83C9A53A19A75FCC000520AF /* BGHUDTextFieldCell.m */ = {isa = PBXFileReference; fileEncoding = 4; lastKnownFileType = sourcecode.c.objc; path = BGHUDTextFieldCell.m; sourceTree = "<group>"; };
		83C9A53B19A75FCC000520AF /* BGHUDTokenAttachmentCell.h */ = {isa = PBXFileReference; fileEncoding = 4; lastKnownFileType = sourcecode.c.h; path = BGHUDTokenAttachmentCell.h; sourceTree = "<group>"; };
		83C9A53C19A75FCC000520AF /* BGHUDTokenAttachmentCell.m */ = {isa = PBXFileReference; fileEncoding = 4; lastKnownFileType = sourcecode.c.objc; path = BGHUDTokenAttachmentCell.m; sourceTree = "<group>"; };
		83C9A53D19A75FCC000520AF /* BGHUDTokenFieldCell.h */ = {isa = PBXFileReference; fileEncoding = 4; lastKnownFileType = sourcecode.c.h; path = BGHUDTokenFieldCell.h; sourceTree = "<group>"; };
		83C9A53E19A75FCC000520AF /* BGHUDTokenFieldCell.m */ = {isa = PBXFileReference; fileEncoding = 4; lastKnownFileType = sourcecode.c.objc; path = BGHUDTokenFieldCell.m; sourceTree = "<group>"; };
		83C9A53F19A75FCC000520AF /* BGHUDView.h */ = {isa = PBXFileReference; fileEncoding = 4; lastKnownFileType = sourcecode.c.h; path = BGHUDView.h; sourceTree = "<group>"; };
		83C9A54019A75FCC000520AF /* BGHUDView.m */ = {isa = PBXFileReference; fileEncoding = 4; lastKnownFileType = sourcecode.c.objc; path = BGHUDView.m; sourceTree = "<group>"; };
		83C9A54119A75FCC000520AF /* BGTheme.h */ = {isa = PBXFileReference; fileEncoding = 4; lastKnownFileType = sourcecode.c.h; path = BGTheme.h; sourceTree = "<group>"; };
		83C9A54219A75FCC000520AF /* BGTheme.m */ = {isa = PBXFileReference; fileEncoding = 4; lastKnownFileType = sourcecode.c.objc; path = BGTheme.m; sourceTree = "<group>"; };
		83C9A54319A75FCC000520AF /* BGThemeManager.h */ = {isa = PBXFileReference; fileEncoding = 4; lastKnownFileType = sourcecode.c.h; path = BGThemeManager.h; sourceTree = "<group>"; };
		83C9A54419A75FCC000520AF /* BGThemeManager.m */ = {isa = PBXFileReference; fileEncoding = 4; lastKnownFileType = sourcecode.c.objc; path = BGThemeManager.m; sourceTree = "<group>"; };
		83C9A54519A75FCC000520AF /* NSTokenAttachment.h */ = {isa = PBXFileReference; fileEncoding = 4; lastKnownFileType = sourcecode.c.h; path = NSTokenAttachment.h; sourceTree = "<group>"; };
		83C9A54619A75FCC000520AF /* NSTokenAttachmentCell.h */ = {isa = PBXFileReference; fileEncoding = 4; lastKnownFileType = sourcecode.c.h; path = NSTokenAttachmentCell.h; sourceTree = "<group>"; };
		83C9A57319A7A954000520AF /* IOKit.framework */ = {isa = PBXFileReference; lastKnownFileType = wrapper.framework; name = IOKit.framework; path = System/Library/Frameworks/IOKit.framework; sourceTree = SDKROOT; };
		83C9A57519A7A95D000520AF /* Security.framework */ = {isa = PBXFileReference; lastKnownFileType = wrapper.framework; name = Security.framework; path = System/Library/Frameworks/Security.framework; sourceTree = SDKROOT; };
		83C9A57B19A7DF40000520AF /* smc */ = {isa = PBXFileReference; lastKnownFileType = "compiled.mach-o.executable"; name = smc; path = "Oh My Fan!/smc"; sourceTree = "<group>"; };
		83C9A57D19A7DF52000520AF /* Machines.plist */ = {isa = PBXFileReference; fileEncoding = 4; lastKnownFileType = text.plist.xml; name = Machines.plist; path = "Oh My Fan!/Machines.plist"; sourceTree = "<group>"; };
		83C9A57F19A7DF68000520AF /* smc.c */ = {isa = PBXFileReference; fileEncoding = 4; lastKnownFileType = sourcecode.c.c; name = smc.c; path = "Oh My Fan!/smc.c"; sourceTree = "<group>"; };
		83C9A58119A7DF70000520AF /* smc.h */ = {isa = PBXFileReference; fileEncoding = 4; lastKnownFileType = sourcecode.c.h; name = smc.h; path = "Oh My Fan!/smc.h"; sourceTree = "<group>"; };
		83C9A58219A7DF80000520AF /* NSFileManager+DirectoryLocations.h */ = {isa = PBXFileReference; fileEncoding = 4; lastKnownFileType = sourcecode.c.h; name = "NSFileManager+DirectoryLocations.h"; path = "Oh My Fan!/NSFileManager+DirectoryLocations.h"; sourceTree = "<group>"; };
		83C9A58319A7DF80000520AF /* NSFileManager+DirectoryLocations.m */ = {isa = PBXFileReference; fileEncoding = 4; lastKnownFileType = sourcecode.c.objc; name = "NSFileManager+DirectoryLocations.m"; path = "Oh My Fan!/NSFileManager+DirectoryLocations.m"; sourceTree = "<group>"; };
		83C9A58519A7DF92000520AF /* smcWrapper.m */ = {isa = PBXFileReference; fileEncoding = 4; lastKnownFileType = sourcecode.c.objc; name = smcWrapper.m; path = "Oh My Fan!/smcWrapper.m"; sourceTree = "<group>"; };
		83C9A58619A7DF92000520AF /* smcWrapper.h */ = {isa = PBXFileReference; fileEncoding = 4; lastKnownFileType = sourcecode.c.h; name = smcWrapper.h; path = "Oh My Fan!/smcWrapper.h"; sourceTree = "<group>"; };
		83C9A58819A7DF9A000520AF /* MachineDefaults.m */ = {isa = PBXFileReference; fileEncoding = 4; lastKnownFileType = sourcecode.c.objc; name = MachineDefaults.m; path = "Oh My Fan!/MachineDefaults.m"; sourceTree = "<group>"; };
		83C9A58919A7DF9A000520AF /* MachineDefaults.h */ = {isa = PBXFileReference; fileEncoding = 4; lastKnownFileType = sourcecode.c.h; name = MachineDefaults.h; path = "Oh My Fan!/MachineDefaults.h"; sourceTree = "<group>"; };
		83C9A58B19A7DFBC000520AF /* OMFDefaults.plist */ = {isa = PBXFileReference; fileEncoding = 4; lastKnownFileType = text.plist.xml; path = OMFDefaults.plist; sourceTree = "<group>"; };
		83C9A58D19A7E055000520AF /* OMFIcon.icns */ = {isa = PBXFileReference; lastKnownFileType = image.icns; name = OMFIcon.icns; path = ../OMFIcon.icns; sourceTree = "<group>"; };
/* End PBXFileReference section */

/* Begin PBXFrameworksBuildPhase section */
		831BC5C419A4709C006179D5 /* Frameworks */ = {
			isa = PBXFrameworksBuildPhase;
			buildActionMask = 2147483647;
			files = (
				83C9A57619A7A95D000520AF /* Security.framework in Frameworks */,
				83C9A57419A7A954000520AF /* IOKit.framework in Frameworks */,
				831BC5CB19A4709C006179D5 /* Cocoa.framework in Frameworks */,
			);
			runOnlyForDeploymentPostprocessing = 0;
		};
		831BC5E519A4709C006179D5 /* Frameworks */ = {
			isa = PBXFrameworksBuildPhase;
			buildActionMask = 2147483647;
			files = (
				831BC5EB19A4709C006179D5 /* Cocoa.framework in Frameworks */,
				831BC5EA19A4709C006179D5 /* XCTest.framework in Frameworks */,
			);
			runOnlyForDeploymentPostprocessing = 0;
		};
/* End PBXFrameworksBuildPhase section */

/* Begin PBXGroup section */
		831BC5BE19A4709C006179D5 = {
			isa = PBXGroup;
			children = (
				83C9A50219A75E2E000520AF /* Dashboard */,
				83880A1419A5C16B008A61CC /* Status Bar */,
				83880A0D19A5BCB1008A61CC /* Main Panel */,
				831BC5D019A4709C006179D5 /* Whole App */,
				83C9A56319A7A828000520AF /* System Managment Controller */,
				831BC5D119A4709C006179D5 /* Supporting Files */,
				834DB1BA19A8C21700969E64 /* Other Panels */,
				831BC5EE19A4709C006179D5 /* Oh My Fan!Tests */,
				83C9A50A19A75FCB000520AF /* BGHUDAppKit */,
				831BC5C919A4709C006179D5 /* Frameworks */,
				831BC5C819A4709C006179D5 /* Products */,
			);
			sourceTree = "<group>";
		};
		831BC5C819A4709C006179D5 /* Products */ = {
			isa = PBXGroup;
			children = (
				831BC5C719A4709C006179D5 /* Oh My Fan!.app */,
				831BC5E819A4709C006179D5 /* Oh My Fan!Tests.xctest */,
			);
			name = Products;
			sourceTree = "<group>";
		};
		831BC5C919A4709C006179D5 /* Frameworks */ = {
			isa = PBXGroup;
			children = (
				83C9A57519A7A95D000520AF /* Security.framework */,
				83C9A57319A7A954000520AF /* IOKit.framework */,
				831BC5CA19A4709C006179D5 /* Cocoa.framework */,
				831BC5E919A4709C006179D5 /* XCTest.framework */,
				831BC5CC19A4709C006179D5 /* Other Frameworks */,
			);
			name = Frameworks;
			sourceTree = "<group>";
		};
		831BC5CC19A4709C006179D5 /* Other Frameworks */ = {
			isa = PBXGroup;
			children = (
				831BC5CD19A4709C006179D5 /* AppKit.framework */,
				831BC5CE19A4709C006179D5 /* CoreData.framework */,
				831BC5CF19A4709C006179D5 /* Foundation.framework */,
			);
			name = "Other Frameworks";
			sourceTree = "<group>";
		};
		831BC5D019A4709C006179D5 /* Whole App */ = {
			isa = PBXGroup;
			children = (
				83880A0819A5BC56008A61CC /* Resources */,
				831BC5DC19A4709C006179D5 /* OMFAppDelegate.h */,
				831BC5DD19A4709C006179D5 /* OMFAppDelegate.m */,
			);
			name = "Whole App";
			path = "Oh My Fan!";
			sourceTree = "<group>";
		};
		831BC5D119A4709C006179D5 /* Supporting Files */ = {
			isa = PBXGroup;
			children = (
				831BC5E219A4709C006179D5 /* Images.xcassets */,
				83C9A58D19A7E055000520AF /* OMFIcon.icns */,
				831BC5D219A4709C006179D5 /* Oh My Fan!-Info.plist */,
				83C9A58B19A7DFBC000520AF /* OMFDefaults.plist */,
				831BC5D319A4709C006179D5 /* InfoPlist.strings */,
				831BC5D619A4709C006179D5 /* main.m */,
				831BC5D819A4709C006179D5 /* Oh My Fan!-Prefix.pch */,
				83880A0919A5BC82008A61CC /* OMFCommon.h */,
				831BC5D919A4709C006179D5 /* Credits.rtf */,
			);
			name = "Supporting Files";
			path = "Oh My Fan!";
			sourceTree = "<group>";
		};
		831BC5EE19A4709C006179D5 /* Oh My Fan!Tests */ = {
			isa = PBXGroup;
			children = (
				831BC5F419A4709C006179D5 /* Oh_My_Fan_Tests.m */,
				831BC5EF19A4709C006179D5 /* Supporting Files */,
			);
			path = "Oh My Fan!Tests";
			sourceTree = "<group>";
		};
		831BC5EF19A4709C006179D5 /* Supporting Files */ = {
			isa = PBXGroup;
			children = (
				831BC5F019A4709C006179D5 /* Oh My Fan!Tests-Info.plist */,
				831BC5F119A4709C006179D5 /* InfoPlist.strings */,
			);
			name = "Supporting Files";
			sourceTree = "<group>";
		};
		834DB1BA19A8C21700969E64 /* Other Panels */ = {
			isa = PBXGroup;
			children = (
				834DB1BB19A8C22600969E64 /* Resources */,
				834DB1C119A8CDE500969E64 /* OMFContentViewOfAboutPanel.h */,
				834DB1C219A8CDE500969E64 /* OMFContentViewOfAboutPanel.m */,
				834DB1BE19A8C57F00969E64 /* OMFAboutPanelController.h */,
				834DB1BF19A8C57F00969E64 /* OMFAboutPanelController.m */,
				83B5E98E19A93D1B0046B24A /* OMFPreferencesPanelController.h */,
				83B5E98F19A93D1B0046B24A /* OMFPreferencesPanelController.m */,
			);
			name = "Other Panels";
			sourceTree = "<group>";
		};
		834DB1BB19A8C22600969E64 /* Resources */ = {
			isa = PBXGroup;
			children = (
				834DB1B819A8C20A00969E64 /* OMFAboutPanel.xib */,
				83B5E98C19A93AA90046B24A /* OMFPreferencesPanel.xib */,
				834DB1BC19A8C2BE00969E64 /* icon.png */,
			);
			name = Resources;
			sourceTree = "<group>";
		};
		83880A0819A5BC56008A61CC /* Resources */ = {
			isa = PBXGroup;
			children = (
				831BC5DF19A4709C006179D5 /* OMFMainMenu.xib */,
			);
			name = Resources;
			sourceTree = "<group>";
		};
		83880A0D19A5BCB1008A61CC /* Main Panel */ = {
			isa = PBXGroup;
			children = (
				83880A1019A5BD79008A61CC /* Resources */,
				83880A2B19A5F79D008A61CC /* OMFPanelBackgroundView.h */,
				83880A2C19A5F79D008A61CC /* OMFPanelBackgroundView.m */,
				83880A2119A5C815008A61CC /* OMFMainPanel.h */,
				83880A1F19A5C815008A61CC /* OMFMainPanel.m */,
				83880A0A19A5BCA8008A61CC /* OMFMainPanelController.h */,
				83880A0B19A5BCA8008A61CC /* OMFMainPanelController.m */,
			);
			name = "Main Panel";
			sourceTree = "<group>";
		};
		83880A1019A5BD79008A61CC /* Resources */ = {
			isa = PBXGroup;
			children = (
				83880A2019A5C815008A61CC /* OMFMainPanel.xib */,
			);
			name = Resources;
			sourceTree = "<group>";
		};
		83880A1419A5C16B008A61CC /* Status Bar */ = {
			isa = PBXGroup;
			children = (
				83880A1819A5C1DB008A61CC /* Resources */,
				83880A1E19A5C815008A61CC /* OMFStatusItemView.h */,
				83880A1D19A5C815008A61CC /* OMFStatusItemView.m */,
				83880A2819A5CA8E008A61CC /* OMFStatusBarController.h */,
				83880A2919A5CA8E008A61CC /* OMFStatusBarController.m */,
			);
			name = "Status Bar";
			sourceTree = "<group>";
		};
		83880A1819A5C1DB008A61CC /* Resources */ = {
			isa = PBXGroup;
			children = (
				83880A1919A5C1F0008A61CC /* statusbar-fan-highlighting.png */,
				83880A1A19A5C1F0008A61CC /* statusbar-fan.png */,
			);
			name = Resources;
			sourceTree = "<group>";
		};
		83C9A50219A75E2E000520AF /* Dashboard */ = {
			isa = PBXGroup;
			children = (
				83C9A50319A75E42000520AF /* Resources */,
				83C9A50419A75E5C000520AF /* OMFDashboardView.h */,
				83C9A50519A75E5C000520AF /* OMFDashboardView.m */,
				83C9A50719A75F33000520AF /* OMFDashboardCategories.h */,
				83C9A50819A75F33000520AF /* OMFDashboardCategories.m */,
			);
			name = Dashboard;
			sourceTree = "<group>";
		};
		83C9A50319A75E42000520AF /* Resources */ = {
			isa = PBXGroup;
			children = (
				834DB1B419A87D4C00969E64 /* dashboard-setting.png */,
			);
			name = Resources;
			sourceTree = "<group>";
		};
		83C9A50A19A75FCB000520AF /* BGHUDAppKit */ = {
			isa = PBXGroup;
			children = (
				83C9A50B19A75FCB000520AF /* BGGradientTheme.h */,
				83C9A50C19A75FCB000520AF /* BGGradientTheme.m */,
				83C9A50D19A75FCB000520AF /* BGHUDAppKit.h */,
				83C9A50E19A75FCB000520AF /* BGHUDBox.h */,
				83C9A50F19A75FCB000520AF /* BGHUDBox.m */,
				83C9A51019A75FCB000520AF /* BGHUDButtonCell.h */,
				83C9A51119A75FCB000520AF /* BGHUDButtonCell.m */,
				83C9A51219A75FCB000520AF /* BGHUDColorWell.h */,
				83C9A51319A75FCB000520AF /* BGHUDColorWell.m */,
				83C9A51419A75FCB000520AF /* BGHUDComboBoxCell.h */,
				83C9A51519A75FCB000520AF /* BGHUDComboBoxCell.m */,
				83C9A51619A75FCB000520AF /* BGHUDCommon.h */,
				83C9A51719A75FCB000520AF /* BGHUDCommon.m */,
				83C9A51819A75FCB000520AF /* BGHUDGeometry.h */,
				83C9A51919A75FCB000520AF /* BGHUDLabel.h */,
				83C9A51A19A75FCB000520AF /* BGHUDLabel.m */,
				83C9A51B19A75FCB000520AF /* BGHUDOutlineView.h */,
				83C9A51C19A75FCB000520AF /* BGHUDOutlineView.m */,
				83C9A51D19A75FCB000520AF /* BGHUDPopUpButtonCell.h */,
				83C9A51E19A75FCB000520AF /* BGHUDPopUpButtonCell.m */,
				83C9A51F19A75FCB000520AF /* BGHUDProgressIndicator.h */,
				83C9A52019A75FCB000520AF /* BGHUDProgressIndicator.m */,
				83C9A52119A75FCB000520AF /* BGHUDScroller.h */,
				83C9A52219A75FCB000520AF /* BGHUDScroller.m */,
				83C9A52319A75FCB000520AF /* BGHUDScrollView.h */,
				83C9A52419A75FCB000520AF /* BGHUDScrollView.m */,
				83C9A52519A75FCB000520AF /* BGHUDSearchFieldCell.h */,
				83C9A52619A75FCB000520AF /* BGHUDSearchFieldCell.m */,
				83C9A52719A75FCC000520AF /* BGHUDSecureTextFieldCell.h */,
				83C9A52819A75FCC000520AF /* BGHUDSecureTextFieldCell.m */,
				83C9A52919A75FCC000520AF /* BGHUDSegmentedCell.h */,
				83C9A52A19A75FCC000520AF /* BGHUDSegmentedCell.m */,
				83C9A52B19A75FCC000520AF /* BGHUDSliderCell.h */,
				83C9A52C19A75FCC000520AF /* BGHUDSliderCell.m */,
				83C9A52D19A75FCC000520AF /* BGHUDStepperCell.h */,
				83C9A52E19A75FCC000520AF /* BGHUDStepperCell.m */,
				83C9A52F19A75FCC000520AF /* BGHUDTableCornerView.h */,
				83C9A53019A75FCC000520AF /* BGHUDTableCornerView.m */,
				83C9A53119A75FCC000520AF /* BGHUDTableView.h */,
				83C9A53219A75FCC000520AF /* BGHUDTableView.m */,
				83C9A53319A75FCC000520AF /* BGHUDTableViewHeaderCell.h */,
				83C9A53419A75FCC000520AF /* BGHUDTableViewHeaderCell.m */,
				83C9A53519A75FCC000520AF /* BGHUDTabView.h */,
				83C9A53619A75FCC000520AF /* BGHUDTabView.m */,
				83C9A53719A75FCC000520AF /* BGHUDTabViewItem.h */,
				83C9A53819A75FCC000520AF /* BGHUDTabViewItem.m */,
				83C9A53919A75FCC000520AF /* BGHUDTextFieldCell.h */,
				83C9A53A19A75FCC000520AF /* BGHUDTextFieldCell.m */,
				83C9A53B19A75FCC000520AF /* BGHUDTokenAttachmentCell.h */,
				83C9A53C19A75FCC000520AF /* BGHUDTokenAttachmentCell.m */,
				83C9A53D19A75FCC000520AF /* BGHUDTokenFieldCell.h */,
				83C9A53E19A75FCC000520AF /* BGHUDTokenFieldCell.m */,
				83C9A53F19A75FCC000520AF /* BGHUDView.h */,
				83C9A54019A75FCC000520AF /* BGHUDView.m */,
				83C9A54119A75FCC000520AF /* BGTheme.h */,
				83C9A54219A75FCC000520AF /* BGTheme.m */,
				83C9A54319A75FCC000520AF /* BGThemeManager.h */,
				83C9A54419A75FCC000520AF /* BGThemeManager.m */,
				83C9A54519A75FCC000520AF /* NSTokenAttachment.h */,
				83C9A54619A75FCC000520AF /* NSTokenAttachmentCell.h */,
			);
			name = BGHUDAppKit;
			path = "Oh My Fan!/BGHUDAppKit";
			sourceTree = "<group>";
		};
		83C9A56319A7A828000520AF /* System Managment Controller */ = {
			isa = PBXGroup;
			children = (
				83C9A57219A7A8A0000520AF /* Resources */,
				83C9A58119A7DF70000520AF /* smc.h */,
				83C9A57F19A7DF68000520AF /* smc.c */,
				83C9A58219A7DF80000520AF /* NSFileManager+DirectoryLocations.h */,
				83C9A58319A7DF80000520AF /* NSFileManager+DirectoryLocations.m */,
				83C9A58619A7DF92000520AF /* smcWrapper.h */,
				83C9A58519A7DF92000520AF /* smcWrapper.m */,
				83C9A58919A7DF9A000520AF /* MachineDefaults.h */,
				83C9A58819A7DF9A000520AF /* MachineDefaults.m */,
			);
			name = "System Managment Controller";
			sourceTree = "<group>";
		};
		83C9A57219A7A8A0000520AF /* Resources */ = {
			isa = PBXGroup;
			children = (
				83C9A57B19A7DF40000520AF /* smc */,
				83C9A57D19A7DF52000520AF /* Machines.plist */,
			);
			name = Resources;
			sourceTree = "<group>";
		};
/* End PBXGroup section */

/* Begin PBXNativeTarget section */
		831BC5C619A4709C006179D5 /* Oh My Fan! */ = {
			isa = PBXNativeTarget;
			buildConfigurationList = 831BC5F819A4709C006179D5 /* Build configuration list for PBXNativeTarget "Oh My Fan!" */;
			buildPhases = (
				831BC5C319A4709C006179D5 /* Sources */,
				831BC5C419A4709C006179D5 /* Frameworks */,
				831BC5C519A4709C006179D5 /* Resources */,
			);
			buildRules = (
			);
			dependencies = (
			);
			name = "Oh My Fan!";
			productName = "Oh My Fan!";
			productReference = 831BC5C719A4709C006179D5 /* Oh My Fan!.app */;
			productType = "com.apple.product-type.application";
		};
		831BC5E719A4709C006179D5 /* Oh My Fan!Tests */ = {
			isa = PBXNativeTarget;
			buildConfigurationList = 831BC5FB19A4709C006179D5 /* Build configuration list for PBXNativeTarget "Oh My Fan!Tests" */;
			buildPhases = (
				831BC5E419A4709C006179D5 /* Sources */,
				831BC5E519A4709C006179D5 /* Frameworks */,
				831BC5E619A4709C006179D5 /* Resources */,
			);
			buildRules = (
			);
			dependencies = (
				831BC5ED19A4709C006179D5 /* PBXTargetDependency */,
			);
			name = "Oh My Fan!Tests";
			productName = "Oh My Fan!Tests";
			productReference = 831BC5E819A4709C006179D5 /* Oh My Fan!Tests.xctest */;
			productType = "com.apple.product-type.bundle.unit-test";
		};
/* End PBXNativeTarget section */

/* Begin PBXProject section */
		831BC5BF19A4709C006179D5 /* Project object */ = {
			isa = PBXProject;
			attributes = {
				CLASSPREFIX = OMF;
				LastUpgradeCheck = 0510;
				ORGANIZATIONNAME = "Tong G.";
				TargetAttributes = {
					831BC5C619A4709C006179D5 = {
						DevelopmentTeam = 89BSC2UYH8;
						SystemCapabilities = {
							com.apple.Sandbox = {
								enabled = 0;
							};
						};
					};
					831BC5E719A4709C006179D5 = {
						TestTargetID = 831BC5C619A4709C006179D5;
					};
				};
			};
			buildConfigurationList = 831BC5C219A4709C006179D5 /* Build configuration list for PBXProject "Oh My Fan!" */;
			compatibilityVersion = "Xcode 3.2";
			developmentRegion = English;
			hasScannedForEncodings = 0;
			knownRegions = (
				en,
				Base,
			);
			mainGroup = 831BC5BE19A4709C006179D5;
			productRefGroup = 831BC5C819A4709C006179D5 /* Products */;
			projectDirPath = "";
			projectRoot = "";
			targets = (
				831BC5C619A4709C006179D5 /* Oh My Fan! */,
				831BC5E719A4709C006179D5 /* Oh My Fan!Tests */,
			);
		};
/* End PBXProject section */

/* Begin PBXResourcesBuildPhase section */
		831BC5C519A4709C006179D5 /* Resources */ = {
			isa = PBXResourcesBuildPhase;
			buildActionMask = 2147483647;
			files = (
				83C9A58E19A7E055000520AF /* OMFIcon.icns in Resources */,
				83880A2419A5C815008A61CC /* OMFMainPanel.xib in Resources */,
				83B5E98D19A93AA90046B24A /* OMFPreferencesPanel.xib in Resources */,
				831BC5D519A4709C006179D5 /* InfoPlist.strings in Resources */,
				83C9A57E19A7DF52000520AF /* Machines.plist in Resources */,
				83C9A58C19A7DFBC000520AF /* OMFDefaults.plist in Resources */,
				83C9A57C19A7DF40000520AF /* smc in Resources */,
				831BC5E319A4709C006179D5 /* Images.xcassets in Resources */,
				834DB1B519A87D4C00969E64 /* dashboard-setting.png in Resources */,
				834DB1BD19A8C2BE00969E64 /* icon.png in Resources */,
				834DB1B919A8C20A00969E64 /* OMFAboutPanel.xib in Resources */,
				831BC5DB19A4709C006179D5 /* Credits.rtf in Resources */,
				83880A1C19A5C1F0008A61CC /* statusbar-fan.png in Resources */,
				831BC5E119A4709C006179D5 /* OMFMainMenu.xib in Resources */,
				83880A1B19A5C1F0008A61CC /* statusbar-fan-highlighting.png in Resources */,
			);
			runOnlyForDeploymentPostprocessing = 0;
		};
		831BC5E619A4709C006179D5 /* Resources */ = {
			isa = PBXResourcesBuildPhase;
			buildActionMask = 2147483647;
			files = (
				831BC5F319A4709C006179D5 /* InfoPlist.strings in Resources */,
			);
			runOnlyForDeploymentPostprocessing = 0;
		};
/* End PBXResourcesBuildPhase section */

/* Begin PBXSourcesBuildPhase section */
		831BC5C319A4709C006179D5 /* Sources */ = {
			isa = PBXSourcesBuildPhase;
			buildActionMask = 2147483647;
			files = (
				83880A2219A5C815008A61CC /* OMFStatusItemView.m in Sources */,
				83C9A55319A75FCC000520AF /* BGHUDSearchFieldCell.m in Sources */,
				83C9A55D19A75FCC000520AF /* BGHUDTextFieldCell.m in Sources */,
				83C9A55419A75FCC000520AF /* BGHUDSecureTextFieldCell.m in Sources */,
				83C9A54D19A75FCC000520AF /* BGHUDLabel.m in Sources */,
				83C9A55019A75FCC000520AF /* BGHUDProgressIndicator.m in Sources */,
				83C9A55519A75FCC000520AF /* BGHUDSegmentedCell.m in Sources */,
				83C9A54B19A75FCC000520AF /* BGHUDComboBoxCell.m in Sources */,
				83C9A50919A75F33000520AF /* OMFDashboardCategories.m in Sources */,
				83C9A54A19A75FCC000520AF /* BGHUDColorWell.m in Sources */,
				83C9A58419A7DF80000520AF /* NSFileManager+DirectoryLocations.m in Sources */,
				83880A2319A5C815008A61CC /* OMFMainPanel.m in Sources */,
				83C9A50619A75E5C000520AF /* OMFDashboardView.m in Sources */,
				83C9A54E19A75FCC000520AF /* BGHUDOutlineView.m in Sources */,
				83B5E99019A93D1B0046B24A /* OMFPreferencesPanelController.m in Sources */,
				834DB1C319A8CDE500969E64 /* OMFContentViewOfAboutPanel.m in Sources */,
				83C9A54819A75FCC000520AF /* BGHUDBox.m in Sources */,
				83C9A54F19A75FCC000520AF /* BGHUDPopUpButtonCell.m in Sources */,
				83C9A55819A75FCC000520AF /* BGHUDTableCornerView.m in Sources */,
				83C9A55719A75FCC000520AF /* BGHUDStepperCell.m in Sources */,
				83C9A55919A75FCC000520AF /* BGHUDTableView.m in Sources */,
				83880A2D19A5F79D008A61CC /* OMFPanelBackgroundView.m in Sources */,
				83C9A54919A75FCC000520AF /* BGHUDButtonCell.m in Sources */,
				83C9A55619A75FCC000520AF /* BGHUDSliderCell.m in Sources */,
				83880A2A19A5CA8F008A61CC /* OMFStatusBarController.m in Sources */,
				83C9A55B19A75FCC000520AF /* BGHUDTabView.m in Sources */,
				831BC5D719A4709C006179D5 /* main.m in Sources */,
				83C9A54C19A75FCC000520AF /* BGHUDCommon.m in Sources */,
				831BC5DE19A4709C006179D5 /* OMFAppDelegate.m in Sources */,
				834DB1C019A8C57F00969E64 /* OMFAboutPanelController.m in Sources */,
				83C9A56019A75FCC000520AF /* BGHUDView.m in Sources */,
				83C9A54719A75FCC000520AF /* BGGradientTheme.m in Sources */,
				83C9A55A19A75FCC000520AF /* BGHUDTableViewHeaderCell.m in Sources */,
				83C9A55119A75FCC000520AF /* BGHUDScroller.m in Sources */,
				83880A0C19A5BCA8008A61CC /* OMFMainPanelController.m in Sources */,
				83C9A55C19A75FCC000520AF /* BGHUDTabViewItem.m in Sources */,
				83C9A56119A75FCC000520AF /* BGTheme.m in Sources */,
				83C9A56219A75FCC000520AF /* BGThemeManager.m in Sources */,
				83C9A55219A75FCC000520AF /* BGHUDScrollView.m in Sources */,
				83C9A58019A7DF68000520AF /* smc.c in Sources */,
				83C9A55E19A75FCC000520AF /* BGHUDTokenAttachmentCell.m in Sources */,
				83C9A55F19A75FCC000520AF /* BGHUDTokenFieldCell.m in Sources */,
				83C9A58719A7DF92000520AF /* smcWrapper.m in Sources */,
				83C9A58A19A7DF9A000520AF /* MachineDefaults.m in Sources */,
			);
			runOnlyForDeploymentPostprocessing = 0;
		};
		831BC5E419A4709C006179D5 /* Sources */ = {
			isa = PBXSourcesBuildPhase;
			buildActionMask = 2147483647;
			files = (
				831BC5F519A4709C006179D5 /* Oh_My_Fan_Tests.m in Sources */,
			);
			runOnlyForDeploymentPostprocessing = 0;
		};
/* End PBXSourcesBuildPhase section */

/* Begin PBXTargetDependency section */
		831BC5ED19A4709C006179D5 /* PBXTargetDependency */ = {
			isa = PBXTargetDependency;
			target = 831BC5C619A4709C006179D5 /* Oh My Fan! */;
			targetProxy = 831BC5EC19A4709C006179D5 /* PBXContainerItemProxy */;
		};
/* End PBXTargetDependency section */

/* Begin PBXVariantGroup section */
		831BC5D319A4709C006179D5 /* InfoPlist.strings */ = {
			isa = PBXVariantGroup;
			children = (
				831BC5D419A4709C006179D5 /* en */,
			);
			name = InfoPlist.strings;
			sourceTree = "<group>";
		};
		831BC5D919A4709C006179D5 /* Credits.rtf */ = {
			isa = PBXVariantGroup;
			children = (
				831BC5DA19A4709C006179D5 /* en */,
			);
			name = Credits.rtf;
			sourceTree = "<group>";
		};
		831BC5DF19A4709C006179D5 /* OMFMainMenu.xib */ = {
			isa = PBXVariantGroup;
			children = (
				831BC5E019A4709C006179D5 /* Base */,
			);
			name = OMFMainMenu.xib;
			sourceTree = "<group>";
		};
		831BC5F119A4709C006179D5 /* InfoPlist.strings */ = {
			isa = PBXVariantGroup;
			children = (
				831BC5F219A4709C006179D5 /* en */,
			);
			name = InfoPlist.strings;
			sourceTree = "<group>";
		};
/* End PBXVariantGroup section */

/* Begin XCBuildConfiguration section */
		831BC5F619A4709C006179D5 /* Debug */ = {
			isa = XCBuildConfiguration;
			buildSettings = {
				ALWAYS_SEARCH_USER_PATHS = NO;
				CLANG_CXX_LANGUAGE_STANDARD = "gnu++0x";
				CLANG_CXX_LIBRARY = "libc++";
				CLANG_ENABLE_MODULES = YES;
				CLANG_ENABLE_OBJC_ARC = YES;
				CLANG_WARN_BOOL_CONVERSION = YES;
				CLANG_WARN_CONSTANT_CONVERSION = YES;
				CLANG_WARN_DIRECT_OBJC_ISA_USAGE = YES_ERROR;
				CLANG_WARN_EMPTY_BODY = YES;
				CLANG_WARN_ENUM_CONVERSION = YES;
				CLANG_WARN_INT_CONVERSION = YES;
				CLANG_WARN_OBJC_ROOT_CLASS = YES_ERROR;
				CLANG_WARN__DUPLICATE_METHOD_MATCH = YES;
				COPY_PHASE_STRIP = NO;
				GCC_C_LANGUAGE_STANDARD = gnu99;
				GCC_DYNAMIC_NO_PIC = NO;
				GCC_ENABLE_OBJC_EXCEPTIONS = YES;
				GCC_OPTIMIZATION_LEVEL = 0;
				GCC_PREPROCESSOR_DEFINITIONS = (
					"DEBUG=1",
					"$(inherited)",
				);
				GCC_SYMBOLS_PRIVATE_EXTERN = NO;
				GCC_WARN_64_TO_32_BIT_CONVERSION = YES;
				GCC_WARN_ABOUT_RETURN_TYPE = YES_ERROR;
				GCC_WARN_UNDECLARED_SELECTOR = YES;
				GCC_WARN_UNINITIALIZED_AUTOS = YES_AGGRESSIVE;
				GCC_WARN_UNUSED_FUNCTION = YES;
				GCC_WARN_UNUSED_VARIABLE = YES;
				MACOSX_DEPLOYMENT_TARGET = 10.9;
				ONLY_ACTIVE_ARCH = YES;
				SDKROOT = macosx;
			};
			name = Debug;
		};
		831BC5F719A4709C006179D5 /* Release */ = {
			isa = XCBuildConfiguration;
			buildSettings = {
				ALWAYS_SEARCH_USER_PATHS = NO;
				CLANG_CXX_LANGUAGE_STANDARD = "gnu++0x";
				CLANG_CXX_LIBRARY = "libc++";
				CLANG_ENABLE_MODULES = YES;
				CLANG_ENABLE_OBJC_ARC = YES;
				CLANG_WARN_BOOL_CONVERSION = YES;
				CLANG_WARN_CONSTANT_CONVERSION = YES;
				CLANG_WARN_DIRECT_OBJC_ISA_USAGE = YES_ERROR;
				CLANG_WARN_EMPTY_BODY = YES;
				CLANG_WARN_ENUM_CONVERSION = YES;
				CLANG_WARN_INT_CONVERSION = YES;
				CLANG_WARN_OBJC_ROOT_CLASS = YES_ERROR;
				CLANG_WARN__DUPLICATE_METHOD_MATCH = YES;
				COPY_PHASE_STRIP = YES;
				DEBUG_INFORMATION_FORMAT = "dwarf-with-dsym";
				ENABLE_NS_ASSERTIONS = NO;
				GCC_C_LANGUAGE_STANDARD = gnu99;
				GCC_ENABLE_OBJC_EXCEPTIONS = YES;
				GCC_WARN_64_TO_32_BIT_CONVERSION = YES;
				GCC_WARN_ABOUT_RETURN_TYPE = YES_ERROR;
				GCC_WARN_UNDECLARED_SELECTOR = YES;
				GCC_WARN_UNINITIALIZED_AUTOS = YES_AGGRESSIVE;
				GCC_WARN_UNUSED_FUNCTION = YES;
				GCC_WARN_UNUSED_VARIABLE = YES;
				MACOSX_DEPLOYMENT_TARGET = 10.9;
				SDKROOT = macosx;
			};
			name = Release;
		};
		831BC5F919A4709C006179D5 /* Debug */ = {
			isa = XCBuildConfiguration;
			buildSettings = {
				CLANG_ENABLE_OBJC_ARC = NO;
				CODE_SIGN_IDENTITY = "Developer ID Application";
				COMBINE_HIDPI_IMAGES = YES;
				GCC_PRECOMPILE_PREFIX_HEADER = YES;
				GCC_PREFIX_HEADER = "Oh My Fan!/Oh My Fan!-Prefix.pch";
				INFOPLIST_FILE = "Oh My Fan!/Oh My Fan!-Info.plist";
				PRODUCT_NAME = "$(TARGET_NAME)";
				WRAPPER_EXTENSION = app;
			};
			name = Debug;
		};
		831BC5FA19A4709C006179D5 /* Release */ = {
			isa = XCBuildConfiguration;
			buildSettings = {
				CLANG_ENABLE_OBJC_ARC = NO;
				CODE_SIGN_IDENTITY = "Developer ID Application";
				COMBINE_HIDPI_IMAGES = YES;
				GCC_PRECOMPILE_PREFIX_HEADER = YES;
				GCC_PREFIX_HEADER = "Oh My Fan!/Oh My Fan!-Prefix.pch";
				INFOPLIST_FILE = "Oh My Fan!/Oh My Fan!-Info.plist";
				PRODUCT_NAME = "$(TARGET_NAME)";
				WRAPPER_EXTENSION = app;
			};
			name = Release;
		};
		831BC5FC19A4709C006179D5 /* Debug */ = {
			isa = XCBuildConfiguration;
			buildSettings = {
				BUNDLE_LOADER = "$(BUILT_PRODUCTS_DIR)/Oh My Fan!.app/Contents/MacOS/Oh My Fan!";
				COMBINE_HIDPI_IMAGES = YES;
				FRAMEWORK_SEARCH_PATHS = (
					"$(DEVELOPER_FRAMEWORKS_DIR)",
					"$(inherited)",
				);
				GCC_PRECOMPILE_PREFIX_HEADER = YES;
				GCC_PREFIX_HEADER = "Oh My Fan!/Oh My Fan!-Prefix.pch";
				GCC_PREPROCESSOR_DEFINITIONS = (
					"DEBUG=1",
					"$(inherited)",
				);
				INFOPLIST_FILE = "Oh My Fan!Tests/Oh My Fan!Tests-Info.plist";
				PRODUCT_NAME = "$(TARGET_NAME)";
				TEST_HOST = "$(BUNDLE_LOADER)";
				WRAPPER_EXTENSION = xctest;
			};
			name = Debug;
		};
		831BC5FD19A4709C006179D5 /* Release */ = {
			isa = XCBuildConfiguration;
			buildSettings = {
				BUNDLE_LOADER = "$(BUILT_PRODUCTS_DIR)/Oh My Fan!.app/Contents/MacOS/Oh My Fan!";
				COMBINE_HIDPI_IMAGES = YES;
				FRAMEWORK_SEARCH_PATHS = (
					"$(DEVELOPER_FRAMEWORKS_DIR)",
					"$(inherited)",
				);
				GCC_PRECOMPILE_PREFIX_HEADER = YES;
				GCC_PREFIX_HEADER = "Oh My Fan!/Oh My Fan!-Prefix.pch";
				INFOPLIST_FILE = "Oh My Fan!Tests/Oh My Fan!Tests-Info.plist";
				PRODUCT_NAME = "$(TARGET_NAME)";
				TEST_HOST = "$(BUNDLE_LOADER)";
				WRAPPER_EXTENSION = xctest;
			};
			name = Release;
		};
/* End XCBuildConfiguration section */

/* Begin XCConfigurationList section */
		831BC5C219A4709C006179D5 /* Build configuration list for PBXProject "Oh My Fan!" */ = {
			isa = XCConfigurationList;
			buildConfigurations = (
				831BC5F619A4709C006179D5 /* Debug */,
				831BC5F719A4709C006179D5 /* Release */,
			);
			defaultConfigurationIsVisible = 0;
			defaultConfigurationName = Release;
		};
		831BC5F819A4709C006179D5 /* Build configuration list for PBXNativeTarget "Oh My Fan!" */ = {
			isa = XCConfigurationList;
			buildConfigurations = (
				831BC5F919A4709C006179D5 /* Debug */,
				831BC5FA19A4709C006179D5 /* Release */,
			);
			defaultConfigurationIsVisible = 0;
			defaultConfigurationName = Release;
		};
		831BC5FB19A4709C006179D5 /* Build configuration list for PBXNativeTarget "Oh My Fan!Tests" */ = {
			isa = XCConfigurationList;
			buildConfigurations = (
				831BC5FC19A4709C006179D5 /* Debug */,
				831BC5FD19A4709C006179D5 /* Release */,
			);
			defaultConfigurationIsVisible = 0;
			defaultConfigurationName = Release;
		};
/* End XCConfigurationList section */
	};
	rootObject = 831BC5BF19A4709C006179D5 /* Project object */;
}
